# This file is autogenerated, do not edit; changes may be undone by the next 'dep ensure'.


[[projects]]
  branch = "master"
  digest = "1:724f8a85d8897019d7bbfde6c801b4606ee6f224e236f657f7061a1048cd791b"
  name = "github.com/google/go-containerregistry"
  packages = [
    "pkg/ko/build",
    "pkg/name",
    "pkg/v1",
    "pkg/v1/empty",
    "pkg/v1/mutate",
    "pkg/v1/partial",
    "pkg/v1/random",
    "pkg/v1/stream",
    "pkg/v1/tarball",
    "pkg/v1/types",
    "pkg/v1/v1util",
  ]
  pruneopts = "UT"
  revision = "68537023cae86a3267a37354535baa614ad29924"

[solve-meta]
  analyzer-name = "dep"
  analyzer-version = 1
  input-imports = [
    "github.com/google/go-containerregistry/pkg/ko/build",
    "github.com/google/go-containerregistry/pkg/v1",
    "github.com/google/go-containerregistry/pkg/v1/empty",
    "github.com/google/go-containerregistry/pkg/v1/random",
  ]
  solver-name = "gps-cdcl"
  solver-version = 1
