{
  "version": 4,
  "terraform_version": "0.14.4",
  "serial": 388,
  "lineage": "98bd48ac-f11e-080d-8858-7eeab1503835",
  "outputs": {
    "services": {
      "value": {
        "buildpack": "https://buildpack-jdvoki277a-uc.a.run.app",
        "estargz": "https://estargz-jdvoki277a-uc.a.run.app",
        "flatten": "https://flatten-jdvoki277a-uc.a.run.app",
        "kaniko": "https://kaniko-jdvoki277a-uc.a.run.app",
        "ko": "https://ko-jdvoki277a-uc.a.run.app",
        "mirror": "https://mirror-jdvoki277a-uc.a.run.app",
        "random": "https://random-jdvoki277a-uc.a.run.app",
        "transparency": "https://transparency-jdvoki277a-uc.a.run.app",
        "viz": "https://viz-jdvoki277a-uc.a.run.app",
        "wait": "https://wait-jdvoki277a-uc.a.run.app"
      },
      "type": [
        "object",
        {
          "buildpack": "string",
          "estargz": "string",
          "flatten": "string",
          "kaniko": "string",
          "ko": "string",
          "mirror": "string",
          "random": "string",
          "transparency": "string",
          "viz": "string",
          "wait": "string"
        }
      ]
    }
  },
  "resources": [
    {
      "mode": "managed",
      "type": "google_app_engine_application",
      "name": "app",
      "provider": "provider[\"registry.terraform.io/hashicorp/google\"]",
      "instances": [
        {
          "schema_version": 0,
          "attributes": {
            "app_id": "kontaindotme",
            "auth_domain": "gmail.com",
            "code_bucket": "staging.kontaindotme.appspot.com",
            "database_type": "CLOUD_DATASTORE_COMPATIBILITY",
            "default_bucket": "kontaindotme.appspot.com",
            "default_hostname": "kontaindotme.uc.r.appspot.com",
            "feature_settings": [
              {
                "split_health_checks": true
              }
            ],
            "gcr_domain": "us.gcr.io",
            "iap": [],
            "id": "kontaindotme",
            "location_id": "us-central",
            "name": "apps/kontaindotme",
            "project": "kontaindotme",
            "serving_status": "SERVING",
            "timeouts": null,
            "url_dispatch_rule": []
          },
          "sensitive_attributes": [],
          "private": "eyJlMmJmYjczMC1lY2FhLTExZTYtOGY4OC0zNDM2M2JjN2M0YzAiOnsiY3JlYXRlIjoyNDAwMDAwMDAwMDAsInVwZGF0ZSI6MjQwMDAwMDAwMDAwfX0="
        }
      ]
    },
    {
      "mode": "managed",
      "type": "google_cloud_run_service",
      "name": "services",
      "provider": "provider[\"registry.terraform.io/hashicorp/google\"]",
      "instances": [
        {
          "index_key": "buildpack",
          "schema_version": 1,
          "attributes": {
            "autogenerate_revision_name": false,
            "id": "locations/us-central1/namespaces/kontaindotme/services/buildpack",
            "location": "us-central1",
            "metadata": [
              {
                "annotations": {
                  "run.googleapis.com/ingress": "all",
                  "run.googleapis.com/ingress-status": "all",
                  "serving.knative.dev/creator": "imjasonh@gmail.com",
                  "serving.knative.dev/lastModifier": "imjasonh@gmail.com"
                },
                "generation": 39,
                "labels": {
                  "cloud.googleapis.com/location": "us-central1"
                },
                "namespace": "kontaindotme",
                "resource_version": "AAXJXhD8Irk",
                "self_link": "/apis/serving.knative.dev/v1/namespaces/7577580991/services/buildpack",
                "uid": "e9472550-54a4-42e2-9e0b-62672e9955d9"
              }
            ],
            "name": "buildpack",
            "project": "kontaindotme",
            "status": [
              {
                "conditions": [
                  {
                    "message": "",
                    "reason": "",
                    "status": "True",
                    "type": "Ready"
                  },
                  {
                    "message": "",
                    "reason": "",
                    "status": "True",
                    "type": "ConfigurationsReady"
                  },
                  {
                    "message": "",
                    "reason": "",
                    "status": "True",
                    "type": "RoutesReady"
                  }
                ],
                "latest_created_revision_name": "buildpack-8q2qr",
                "latest_ready_revision_name": "buildpack-8q2qr",
                "observed_generation": 39,
                "url": "https://buildpack-jdvoki277a-uc.a.run.app"
              }
            ],
            "template": [
              {
                "metadata": [
                  {
                    "annotations": {
                      "autoscaling.knative.dev/maxScale": "1000",
                      "run.googleapis.com/sandbox": "gvisor"
                    },
                    "generation": 0,
                    "labels": {},
                    "name": "",
                    "namespace": "",
                    "resource_version": "",
                    "self_link": "",
                    "uid": ""
                  }
                ],
                "spec": [
                  {
                    "container_concurrency": 80,
                    "containers": [
                      {
                        "args": [],
                        "command": [],
                        "env": [
                          {
                            "name": "BUCKET",
                            "value": "kontaindotme"
                          }
                        ],
                        "env_from": [],
                        "image": "gcr.io/kontaindotme/github.com/imjasonh/kontain.me/cmd/buildpack@sha256:f6222c67809dd2afd5164b5fdd4737fc8834d308d07d62b12bdd518e429d5378",
                        "ports": [
                          {
                            "container_port": 8080,
                            "name": "http1",
                            "protocol": ""
                          }
                        ],
                        "resources": [
                          {
                            "limits": {
                              "cpu": "2",
                              "memory": "4Gi"
                            },
                            "requests": {}
                          }
                        ],
                        "working_dir": ""
                      }
                    ],
                    "service_account_name": "",
                    "serving_state": "",
                    "timeout_seconds": 900
                  }
                ]
              }
            ],
            "timeouts": null,
            "traffic": [
              {
                "latest_revision": true,
                "percent": 100,
                "revision_name": ""
              }
            ]
          },
          "sensitive_attributes": [],
          "private": "eyJlMmJmYjczMC1lY2FhLTExZTYtOGY4OC0zNDM2M2JjN2M0YzAiOnsiY3JlYXRlIjozNjAwMDAwMDAwMDAsImRlbGV0ZSI6MjQwMDAwMDAwMDAwLCJ1cGRhdGUiOjkwMDAwMDAwMDAwMH0sInNjaGVtYV92ZXJzaW9uIjoiMSJ9",
          "dependencies": [
            "google_project_service.run"
          ]
        },
        {
          "index_key": "estargz",
          "schema_version": 1,
          "attributes": {
            "autogenerate_revision_name": false,
            "id": "locations/us-central1/namespaces/kontaindotme/services/estargz",
            "location": "us-central1",
            "metadata": [
              {
                "annotations": {
                  "run.googleapis.com/ingress": "all",
                  "run.googleapis.com/ingress-status": "all",
                  "serving.knative.dev/creator": "imjasonh@gmail.com",
                  "serving.knative.dev/lastModifier": "imjasonh@gmail.com"
                },
                "generation": 8,
                "labels": {
                  "cloud.googleapis.com/location": "us-central1"
                },
                "namespace": "kontaindotme",
                "resource_version": "AAXJXg/7iss",
                "self_link": "/apis/serving.knative.dev/v1/namespaces/7577580991/services/estargz",
                "uid": "d3a5de21-2f90-49fd-92d7-bdd9655bbeff"
              }
            ],
            "name": "estargz",
            "project": "kontaindotme",
            "status": [
              {
                "conditions": [
                  {
                    "message": "",
                    "reason": "",
                    "status": "True",
                    "type": "Ready"
                  },
                  {
                    "message": "",
                    "reason": "",
                    "status": "True",
                    "type": "ConfigurationsReady"
                  },
                  {
                    "message": "",
                    "reason": "",
                    "status": "True",
                    "type": "RoutesReady"
                  }
                ],
                "latest_created_revision_name": "estargz-kt28w",
                "latest_ready_revision_name": "estargz-kt28w",
                "observed_generation": 8,
                "url": "https://estargz-jdvoki277a-uc.a.run.app"
              }
            ],
            "template": [
              {
                "metadata": [
                  {
                    "annotations": {
                      "autoscaling.knative.dev/maxScale": "100",
                      "run.googleapis.com/sandbox": "gvisor"
                    },
                    "generation": 0,
                    "labels": {},
                    "name": "",
                    "namespace": "",
                    "resource_version": "",
                    "self_link": "",
                    "uid": ""
                  }
                ],
                "spec": [
                  {
                    "container_concurrency": 80,
                    "containers": [
                      {
                        "args": [],
                        "command": [],
                        "env": [
                          {
                            "name": "BUCKET",
                            "value": "kontaindotme"
                          }
                        ],
                        "env_from": [],
                        "image": "gcr.io/kontaindotme/github.com/imjasonh/kontain.me/cmd/estargz@sha256:22780624b40fa88db7e763bfc5c9d4c8c042d7499d67fd8cd41d92391d6f0b22",
                        "ports": [
                          {
                            "container_port": 8080,
                            "name": "http1",
                            "protocol": ""
                          }
                        ],
                        "resources": [
                          {
                            "limits": {
                              "cpu": "1",
                              "memory": "4Gi"
                            },
                            "requests": {}
                          }
                        ],
                        "working_dir": ""
                      }
                    ],
                    "service_account_name": "",
                    "serving_state": "",
                    "timeout_seconds": 300
                  }
                ]
              }
            ],
            "timeouts": null,
            "traffic": [
              {
                "latest_revision": true,
                "percent": 100,
                "revision_name": ""
              }
            ]
          },
          "sensitive_attributes": [],
          "private": "eyJlMmJmYjczMC1lY2FhLTExZTYtOGY4OC0zNDM2M2JjN2M0YzAiOnsiY3JlYXRlIjozNjAwMDAwMDAwMDAsImRlbGV0ZSI6MjQwMDAwMDAwMDAwLCJ1cGRhdGUiOjkwMDAwMDAwMDAwMH0sInNjaGVtYV92ZXJzaW9uIjoiMSJ9",
          "dependencies": [
            "google_project_service.run"
          ]
        },
        {
          "index_key": "flatten",
          "schema_version": 1,
          "attributes": {
            "autogenerate_revision_name": false,
            "id": "locations/us-central1/namespaces/kontaindotme/services/flatten",
            "location": "us-central1",
            "metadata": [
              {
                "annotations": {
                  "run.googleapis.com/ingress": "all",
                  "run.googleapis.com/ingress-status": "all",
                  "serving.knative.dev/creator": "imjasonh@gmail.com",
                  "serving.knative.dev/lastModifier": "imjasonh@gmail.com"
                },
                "generation": 42,
                "labels": {
                  "cloud.googleapis.com/location": "us-central1"
                },
                "namespace": "kontaindotme",
                "resource_version": "AAXJXirLdSA",
                "self_link": "/apis/serving.knative.dev/v1/namespaces/7577580991/services/flatten",
                "uid": "18f23532-e3a6-45f8-9a25-1cdcf2d5eb2e"
              }
            ],
            "name": "flatten",
            "project": "kontaindotme",
            "status": [
              {
                "conditions": [
                  {
                    "message": "",
                    "reason": "",
                    "status": "True",
                    "type": "Ready"
                  },
                  {
                    "message": "",
                    "reason": "",
                    "status": "True",
                    "type": "ConfigurationsReady"
                  },
                  {
                    "message": "",
                    "reason": "",
                    "status": "True",
                    "type": "RoutesReady"
                  }
                ],
                "latest_created_revision_name": "flatten-8pvd4",
                "latest_ready_revision_name": "flatten-8pvd4",
                "observed_generation": 42,
                "url": "https://flatten-jdvoki277a-uc.a.run.app"
              }
            ],
            "template": [
              {
                "metadata": [
                  {
                    "annotations": {
                      "autoscaling.knative.dev/maxScale": "1000",
                      "run.googleapis.com/sandbox": "gvisor"
                    },
                    "generation": 0,
                    "labels": {},
                    "name": "",
                    "namespace": "",
                    "resource_version": "",
                    "self_link": "",
                    "uid": ""
                  }
                ],
                "spec": [
                  {
                    "container_concurrency": 80,
                    "containers": [
                      {
                        "args": [],
                        "command": [],
                        "env": [
                          {
                            "name": "BUCKET",
                            "value": "kontaindotme"
                          }
                        ],
                        "env_from": [],
                        "image": "gcr.io/kontaindotme/github.com/imjasonh/kontain.me/cmd/flatten@sha256:59a309b995801ea7bec676a3cef458a9ef00c0191c40908d7fc71442a5d32ed5",
                        "ports": [
                          {
                            "container_port": 8080,
                            "name": "http1",
                            "protocol": ""
                          }
                        ],
                        "resources": [
                          {
                            "limits": {
                              "cpu": "1",
                              "memory": "1Gi"
                            },
                            "requests": {}
                          }
                        ],
                        "working_dir": ""
                      }
                    ],
                    "service_account_name": "",
                    "serving_state": "",
                    "timeout_seconds": 120
                  }
                ]
              }
            ],
            "timeouts": null,
            "traffic": [
              {
                "latest_revision": true,
                "percent": 100,
                "revision_name": ""
              }
            ]
          },
          "sensitive_attributes": [],
          "private": "eyJlMmJmYjczMC1lY2FhLTExZTYtOGY4OC0zNDM2M2JjN2M0YzAiOnsiY3JlYXRlIjozNjAwMDAwMDAwMDAsImRlbGV0ZSI6MjQwMDAwMDAwMDAwLCJ1cGRhdGUiOjkwMDAwMDAwMDAwMH0sInNjaGVtYV92ZXJzaW9uIjoiMSJ9",
          "dependencies": [
            "google_project_service.run"
          ]
        },
        {
          "index_key": "kaniko",
          "schema_version": 1,
          "attributes": {
            "autogenerate_revision_name": false,
            "id": "locations/us-central1/namespaces/kontaindotme/services/kaniko",
            "location": "us-central1",
            "metadata": [
              {
                "annotations": {
                  "run.googleapis.com/ingress": "all",
                  "run.googleapis.com/ingress-status": "all",
                  "serving.knative.dev/creator": "imjasonh@gmail.com",
                  "serving.knative.dev/lastModifier": "imjasonh@gmail.com"
                },
                "generation": 43,
                "labels": {
                  "cloud.googleapis.com/location": "us-central1"
                },
                "namespace": "kontaindotme",
                "resource_version": "AAXJXg/HKVI",
                "self_link": "/apis/serving.knative.dev/v1/namespaces/7577580991/services/kaniko",
                "uid": "31f7d7d4-112a-41f6-9a68-eccaa11fae10"
              }
            ],
            "name": "kaniko",
            "project": "kontaindotme",
            "status": [
              {
                "conditions": [
                  {
                    "message": "",
                    "reason": "",
                    "status": "True",
                    "type": "Ready"
                  },
                  {
                    "message": "",
                    "reason": "",
                    "status": "True",
                    "type": "ConfigurationsReady"
                  },
                  {
                    "message": "",
                    "reason": "",
                    "status": "True",
                    "type": "RoutesReady"
                  }
                ],
                "latest_created_revision_name": "kaniko-qnld6",
                "latest_ready_revision_name": "kaniko-qnld6",
                "observed_generation": 43,
                "url": "https://kaniko-jdvoki277a-uc.a.run.app"
              }
            ],
            "template": [
              {
                "metadata": [
                  {
                    "annotations": {
                      "autoscaling.knative.dev/maxScale": "1000",
                      "run.googleapis.com/sandbox": "gvisor"
                    },
                    "generation": 0,
                    "labels": {},
                    "name": "",
                    "namespace": "",
                    "resource_version": "",
                    "self_link": "",
                    "uid": ""
                  }
                ],
                "spec": [
                  {
                    "container_concurrency": 80,
                    "containers": [
                      {
                        "args": [],
                        "command": [],
                        "env": [
                          {
                            "name": "BUCKET",
                            "value": "kontaindotme"
                          }
                        ],
                        "env_from": [],
                        "image": "gcr.io/kontaindotme/github.com/imjasonh/kontain.me/cmd/kaniko@sha256:c3b17cd9d0027fc6d3281458820d75d83031c7632574422ed6f0c9cbc0a68670",
                        "ports": [
                          {
                            "container_port": 8080,
                            "name": "http1",
                            "protocol": ""
                          }
                        ],
                        "resources": [
                          {
                            "limits": {
                              "cpu": "2",
                              "memory": "4Gi"
                            },
                            "requests": {}
                          }
                        ],
                        "working_dir": ""
                      }
                    ],
                    "service_account_name": "",
                    "serving_state": "",
                    "timeout_seconds": 900
                  }
                ]
              }
            ],
            "timeouts": null,
            "traffic": [
              {
                "latest_revision": true,
                "percent": 100,
                "revision_name": ""
              }
            ]
          },
          "sensitive_attributes": [],
          "private": "eyJlMmJmYjczMC1lY2FhLTExZTYtOGY4OC0zNDM2M2JjN2M0YzAiOnsiY3JlYXRlIjozNjAwMDAwMDAwMDAsImRlbGV0ZSI6MjQwMDAwMDAwMDAwLCJ1cGRhdGUiOjkwMDAwMDAwMDAwMH0sInNjaGVtYV92ZXJzaW9uIjoiMSJ9",
          "dependencies": [
            "google_project_service.run"
          ]
        },
        {
          "index_key": "ko",
          "schema_version": 1,
          "attributes": {
            "autogenerate_revision_name": false,
            "id": "locations/us-central1/namespaces/kontaindotme/services/ko",
            "location": "us-central1",
            "metadata": [
              {
                "annotations": {
                  "run.googleapis.com/ingress": "all",
                  "run.googleapis.com/ingress-status": "all",
                  "serving.knative.dev/creator": "imjasonh@gmail.com",
                  "serving.knative.dev/lastModifier": "imjasonh@gmail.com"
                },
                "generation": 33,
                "labels": {
                  "cloud.googleapis.com/location": "us-central1"
                },
                "namespace": "kontaindotme",
                "resource_version": "AAXJXhBS7do",
                "self_link": "/apis/serving.knative.dev/v1/namespaces/7577580991/services/ko",
                "uid": "b7f2d9db-7e36-4502-9b5b-caf16e131593"
              }
            ],
            "name": "ko",
            "project": "kontaindotme",
            "status": [
              {
                "conditions": [
                  {
                    "message": "",
                    "reason": "",
                    "status": "True",
                    "type": "Ready"
                  },
                  {
                    "message": "",
                    "reason": "",
                    "status": "True",
                    "type": "ConfigurationsReady"
                  },
                  {
                    "message": "",
                    "reason": "",
                    "status": "True",
                    "type": "RoutesReady"
                  }
                ],
                "latest_created_revision_name": "ko-dpns4",
                "latest_ready_revision_name": "ko-dpns4",
                "observed_generation": 33,
                "url": "https://ko-jdvoki277a-uc.a.run.app"
              }
            ],
            "template": [
              {
                "metadata": [
                  {
                    "annotations": {
                      "autoscaling.knative.dev/maxScale": "1000",
                      "run.googleapis.com/sandbox": "gvisor"
                    },
                    "generation": 0,
                    "labels": {},
                    "name": "",
                    "namespace": "",
                    "resource_version": "",
                    "self_link": "",
                    "uid": ""
                  }
                ],
                "spec": [
                  {
                    "container_concurrency": 80,
                    "containers": [
                      {
                        "args": [],
                        "command": [],
                        "env": [
                          {
                            "name": "BUCKET",
                            "value": "kontaindotme"
                          }
                        ],
                        "env_from": [],
                        "image": "gcr.io/kontaindotme/github.com/imjasonh/kontain.me/cmd/ko@sha256:eb5bf2946aca3fdae14b73c56010624c7739b3851047742f6f8f4379fe06f527",
                        "ports": [
                          {
                            "container_port": 8080,
                            "name": "http1",
                            "protocol": ""
                          }
                        ],
                        "resources": [
                          {
                            "limits": {
                              "cpu": "2",
                              "memory": "4Gi"
                            },
                            "requests": {}
                          }
                        ],
                        "working_dir": ""
                      }
                    ],
                    "service_account_name": "",
                    "serving_state": "",
                    "timeout_seconds": 900
                  }
                ]
              }
            ],
            "timeouts": null,
            "traffic": [
              {
                "latest_revision": true,
                "percent": 100,
                "revision_name": ""
              }
            ]
          },
          "sensitive_attributes": [],
          "private": "eyJlMmJmYjczMC1lY2FhLTExZTYtOGY4OC0zNDM2M2JjN2M0YzAiOnsiY3JlYXRlIjozNjAwMDAwMDAwMDAsImRlbGV0ZSI6MjQwMDAwMDAwMDAwLCJ1cGRhdGUiOjkwMDAwMDAwMDAwMH0sInNjaGVtYV92ZXJzaW9uIjoiMSJ9",
          "dependencies": [
            "google_project_service.run"
          ]
        },
        {
          "index_key": "mirror",
          "schema_version": 1,
          "attributes": {
            "autogenerate_revision_name": false,
            "id": "locations/us-central1/namespaces/kontaindotme/services/mirror",
            "location": "us-central1",
            "metadata": [
              {
                "annotations": {
                  "run.googleapis.com/ingress": "all",
                  "run.googleapis.com/ingress-status": "all",
                  "serving.knative.dev/creator": "imjasonh@gmail.com",
                  "serving.knative.dev/lastModifier": "imjasonh@gmail.com"
                },
                "generation": 12,
                "labels": {
                  "cloud.googleapis.com/location": "us-central1"
                },
                "namespace": "kontaindotme",
                "resource_version": "AAXJXhAMhxw",
                "self_link": "/apis/serving.knative.dev/v1/namespaces/7577580991/services/mirror",
                "uid": "6012af7b-7c1b-49a4-83c0-46624076b879"
              }
            ],
            "name": "mirror",
            "project": "kontaindotme",
            "status": [
              {
                "conditions": [
                  {
                    "message": "",
                    "reason": "",
                    "status": "True",
                    "type": "Ready"
                  },
                  {
                    "message": "",
                    "reason": "",
                    "status": "True",
                    "type": "ConfigurationsReady"
                  },
                  {
                    "message": "",
                    "reason": "",
                    "status": "True",
                    "type": "RoutesReady"
                  }
                ],
                "latest_created_revision_name": "mirror-9l246",
                "latest_ready_revision_name": "mirror-9l246",
                "observed_generation": 12,
                "url": "https://mirror-jdvoki277a-uc.a.run.app"
              }
            ],
            "template": [
              {
                "metadata": [
                  {
                    "annotations": {
                      "autoscaling.knative.dev/maxScale": "100",
                      "run.googleapis.com/sandbox": "gvisor"
                    },
                    "generation": 0,
                    "labels": {},
                    "name": "",
                    "namespace": "",
                    "resource_version": "",
                    "self_link": "",
                    "uid": ""
                  }
                ],
                "spec": [
                  {
                    "container_concurrency": 80,
                    "containers": [
                      {
                        "args": [],
                        "command": [],
                        "env": [
                          {
                            "name": "BUCKET",
                            "value": "kontaindotme"
                          }
                        ],
                        "env_from": [],
                        "image": "gcr.io/kontaindotme/github.com/imjasonh/kontain.me/cmd/mirror@sha256:b9cad147a7c1c1fa471925be9f2395b4db1de448ec88f2ef13f86d3c24bea21f",
                        "ports": [
                          {
                            "container_port": 8080,
                            "name": "http1",
                            "protocol": ""
                          }
                        ],
                        "resources": [
                          {
                            "limits": {
                              "cpu": "1",
                              "memory": "1Gi"
                            },
                            "requests": {}
                          }
                        ],
                        "working_dir": ""
                      }
                    ],
                    "service_account_name": "",
                    "serving_state": "",
                    "timeout_seconds": 60
                  }
                ]
              }
            ],
            "timeouts": null,
            "traffic": [
              {
                "latest_revision": true,
                "percent": 100,
                "revision_name": ""
              }
            ]
          },
          "sensitive_attributes": [],
          "private": "eyJlMmJmYjczMC1lY2FhLTExZTYtOGY4OC0zNDM2M2JjN2M0YzAiOnsiY3JlYXRlIjozNjAwMDAwMDAwMDAsImRlbGV0ZSI6MjQwMDAwMDAwMDAwLCJ1cGRhdGUiOjkwMDAwMDAwMDAwMH0sInNjaGVtYV92ZXJzaW9uIjoiMSJ9",
          "dependencies": [
            "google_project_service.run"
          ]
        },
        {
          "index_key": "random",
          "schema_version": 1,
          "attributes": {
            "autogenerate_revision_name": false,
            "id": "locations/us-central1/namespaces/kontaindotme/services/random",
            "location": "us-central1",
            "metadata": [
              {
                "annotations": {
                  "run.googleapis.com/ingress": "all",
                  "run.googleapis.com/ingress-status": "all",
                  "serving.knative.dev/creator": "imjasonh@gmail.com",
                  "serving.knative.dev/lastModifier": "imjasonh@gmail.com"
                },
                "generation": 10,
                "labels": {
                  "cloud.googleapis.com/location": "us-central1"
                },
                "namespace": "kontaindotme",
                "resource_version": "AAXJXg+6EOU",
                "self_link": "/apis/serving.knative.dev/v1/namespaces/7577580991/services/random",
                "uid": "9e6399b4-dc12-4126-9ccf-2047da1778fb"
              }
            ],
            "name": "random",
            "project": "kontaindotme",
            "status": [
              {
                "conditions": [
                  {
                    "message": "",
                    "reason": "",
                    "status": "True",
                    "type": "Ready"
                  },
                  {
                    "message": "",
                    "reason": "",
                    "status": "True",
                    "type": "ConfigurationsReady"
                  },
                  {
                    "message": "",
                    "reason": "",
                    "status": "True",
                    "type": "RoutesReady"
                  }
                ],
                "latest_created_revision_name": "random-bv2g2",
                "latest_ready_revision_name": "random-bv2g2",
                "observed_generation": 10,
                "url": "https://random-jdvoki277a-uc.a.run.app"
              }
            ],
            "template": [
              {
                "metadata": [
                  {
                    "annotations": {
                      "autoscaling.knative.dev/maxScale": "100",
                      "run.googleapis.com/sandbox": "gvisor"
                    },
                    "generation": 0,
                    "labels": {},
                    "name": "",
                    "namespace": "",
                    "resource_version": "",
                    "self_link": "",
                    "uid": ""
                  }
                ],
                "spec": [
                  {
                    "container_concurrency": 80,
                    "containers": [
                      {
                        "args": [],
                        "command": [],
                        "env": [
                          {
                            "name": "BUCKET",
                            "value": "kontaindotme"
                          }
                        ],
                        "env_from": [],
                        "image": "gcr.io/kontaindotme/github.com/imjasonh/kontain.me/cmd/random@sha256:ab73581271581852c9503da09081a4e3762e84a7894d5a5601906322c398c591",
                        "ports": [
                          {
                            "container_port": 8080,
                            "name": "http1",
                            "protocol": ""
                          }
                        ],
                        "resources": [
                          {
                            "limits": {
                              "cpu": "1",
                              "memory": "1Gi"
                            },
                            "requests": {}
                          }
                        ],
                        "working_dir": ""
                      }
                    ],
                    "service_account_name": "",
                    "serving_state": "",
                    "timeout_seconds": 60
                  }
                ]
              }
            ],
            "timeouts": null,
            "traffic": [
              {
                "latest_revision": true,
                "percent": 100,
                "revision_name": ""
              }
            ]
          },
          "sensitive_attributes": [],
          "private": "eyJlMmJmYjczMC1lY2FhLTExZTYtOGY4OC0zNDM2M2JjN2M0YzAiOnsiY3JlYXRlIjozNjAwMDAwMDAwMDAsImRlbGV0ZSI6MjQwMDAwMDAwMDAwLCJ1cGRhdGUiOjkwMDAwMDAwMDAwMH0sInNjaGVtYV92ZXJzaW9uIjoiMSJ9",
          "dependencies": [
            "google_project_service.run"
          ]
        },
        {
          "index_key": "transparency",
          "schema_version": 1,
          "attributes": {
            "autogenerate_revision_name": false,
            "id": "locations/us-central1/namespaces/kontaindotme/services/transparency",
            "location": "us-central1",
            "metadata": [
              {
                "annotations": {
                  "run.googleapis.com/ingress": "all",
                  "run.googleapis.com/ingress-status": "all",
                  "serving.knative.dev/creator": "imjasonh@gmail.com",
                  "serving.knative.dev/lastModifier": "imjasonh@gmail.com"
                },
                "generation": 5,
                "labels": {
                  "cloud.googleapis.com/location": "us-central1"
                },
                "namespace": "kontaindotme",
                "resource_version": "AAXJiKPPGMo",
                "self_link": "/apis/serving.knative.dev/v1/namespaces/7577580991/services/transparency",
                "uid": "2cc9aedb-8c62-468b-b486-3efbaa2b1d7a"
              }
            ],
            "name": "transparency",
            "project": "kontaindotme",
            "status": [
              {
                "conditions": [
                  {
                    "message": "",
                    "reason": "",
                    "status": "True",
                    "type": "Ready"
                  },
                  {
                    "message": "",
                    "reason": "",
                    "status": "True",
                    "type": "ConfigurationsReady"
                  },
                  {
                    "message": "",
                    "reason": "",
                    "status": "True",
                    "type": "RoutesReady"
                  }
                ],
                "latest_created_revision_name": "transparency-vmppm",
                "latest_ready_revision_name": "transparency-vmppm",
                "observed_generation": 5,
                "url": "https://transparency-jdvoki277a-uc.a.run.app"
              }
            ],
            "template": [
              {
                "metadata": [
                  {
                    "annotations": {
                      "autoscaling.knative.dev/maxScale": "100",
                      "run.googleapis.com/sandbox": "gvisor"
                    },
                    "generation": 0,
                    "labels": {},
                    "name": "",
                    "namespace": "",
                    "resource_version": "",
                    "self_link": "",
                    "uid": ""
                  }
                ],
                "spec": [
                  {
                    "container_concurrency": 80,
                    "containers": [
                      {
                        "args": [],
                        "command": [],
                        "env": [
                          {
                            "name": "BUCKET",
                            "value": "kontaindotme"
                          }
                        ],
                        "env_from": [],
                        "image": "gcr.io/kontaindotme/github.com/imjasonh/kontain.me/cmd/transparency@sha256:746b1732271c807e2ff5cb1b42f80afb95641530d858641e6abee252168c53a0",
                        "ports": [
                          {
                            "container_port": 8080,
                            "name": "http1",
                            "protocol": ""
                          }
                        ],
                        "resources": [
                          {
                            "limits": {
                              "cpu": "1",
                              "memory": "128Mi"
                            },
                            "requests": {}
                          }
                        ],
                        "working_dir": ""
                      }
                    ],
                    "service_account_name": "",
                    "serving_state": "",
                    "timeout_seconds": 60
                  }
                ]
              }
            ],
            "timeouts": null,
            "traffic": [
              {
                "latest_revision": true,
                "percent": 100,
                "revision_name": ""
              }
            ]
          },
          "sensitive_attributes": [],
          "private": "eyJlMmJmYjczMC1lY2FhLTExZTYtOGY4OC0zNDM2M2JjN2M0YzAiOnsiY3JlYXRlIjozNjAwMDAwMDAwMDAsImRlbGV0ZSI6MjQwMDAwMDAwMDAwLCJ1cGRhdGUiOjkwMDAwMDAwMDAwMH0sInNjaGVtYV92ZXJzaW9uIjoiMSJ9",
          "dependencies": [
            "google_project_service.run"
          ]
        },
        {
          "index_key": "viz",
          "schema_version": 1,
          "attributes": {
            "autogenerate_revision_name": false,
            "id": "locations/us-central1/namespaces/kontaindotme/services/viz",
            "location": "us-central1",
            "metadata": [
              {
                "annotations": {
                  "run.googleapis.com/ingress": "all",
                  "run.googleapis.com/ingress-status": "all",
                  "serving.knative.dev/creator": "imjasonh@gmail.com",
                  "serving.knative.dev/lastModifier": "imjasonh@gmail.com"
                },
                "generation": 12,
                "labels": {
                  "cloud.googleapis.com/location": "us-central1"
                },
                "namespace": "kontaindotme",
                "resource_version": "AAXJXg/5Kxc",
                "self_link": "/apis/serving.knative.dev/v1/namespaces/7577580991/services/viz",
                "uid": "68575159-ca57-4cc4-a275-cb88ba98ef7c"
              }
            ],
            "name": "viz",
            "project": "kontaindotme",
            "status": [
              {
                "conditions": [
                  {
                    "message": "",
                    "reason": "",
                    "status": "True",
                    "type": "Ready"
                  },
                  {
                    "message": "",
                    "reason": "",
                    "status": "True",
                    "type": "ConfigurationsReady"
                  },
                  {
                    "message": "",
                    "reason": "",
                    "status": "True",
                    "type": "RoutesReady"
                  }
                ],
                "latest_created_revision_name": "viz-nhqfv",
                "latest_ready_revision_name": "viz-nhqfv",
                "observed_generation": 12,
                "url": "https://viz-jdvoki277a-uc.a.run.app"
              }
            ],
            "template": [
              {
                "metadata": [
                  {
                    "annotations": {
                      "autoscaling.knative.dev/maxScale": "1000",
                      "run.googleapis.com/sandbox": "gvisor"
                    },
                    "generation": 0,
                    "labels": {},
                    "name": "",
                    "namespace": "",
                    "resource_version": "",
                    "self_link": "",
                    "uid": ""
                  }
                ],
                "spec": [
                  {
                    "container_concurrency": 80,
                    "containers": [
                      {
                        "args": [],
                        "command": [],
                        "env": [
                          {
                            "name": "BUCKET",
                            "value": "kontaindotme"
                          }
                        ],
                        "env_from": [],
                        "image": "gcr.io/kontaindotme/github.com/imjasonh/kontain.me/cmd/viz@sha256:9deccf15fb6da93adb2e27d84fdace171d13b2b71625d4c0039e57f3dc4d88c0",
                        "ports": [
                          {
                            "container_port": 8080,
                            "name": "http1",
                            "protocol": ""
                          }
                        ],
                        "resources": [
                          {
                            "limits": {
                              "cpu": "1",
                              "memory": "1Gi"
                            },
                            "requests": {}
                          }
                        ],
                        "working_dir": ""
                      }
                    ],
                    "service_account_name": "",
                    "serving_state": "",
                    "timeout_seconds": 60
                  }
                ]
              }
            ],
            "timeouts": null,
            "traffic": [
              {
                "latest_revision": true,
                "percent": 100,
                "revision_name": ""
              }
            ]
          },
          "sensitive_attributes": [],
          "private": "eyJlMmJmYjczMC1lY2FhLTExZTYtOGY4OC0zNDM2M2JjN2M0YzAiOnsiY3JlYXRlIjozNjAwMDAwMDAwMDAsImRlbGV0ZSI6MjQwMDAwMDAwMDAwLCJ1cGRhdGUiOjkwMDAwMDAwMDAwMH0sInNjaGVtYV92ZXJzaW9uIjoiMSJ9",
          "dependencies": [
            "google_project_service.run"
          ]
        },
        {
          "index_key": "wait",
          "schema_version": 1,
          "attributes": {
            "autogenerate_revision_name": false,
            "id": "locations/us-central1/namespaces/kontaindotme/services/wait",
            "location": "us-central1",
            "metadata": [
              {
                "annotations": {
                  "run.googleapis.com/ingress": "all",
                  "run.googleapis.com/ingress-status": "all",
                  "serving.knative.dev/creator": "imjasonh@gmail.com",
                  "serving.knative.dev/lastModifier": "imjasonh@gmail.com"
                },
                "generation": 31,
                "labels": {
                  "cloud.googleapis.com/location": "us-central1"
                },
                "namespace": "kontaindotme",
                "resource_version": "AAXJXhALLGA",
                "self_link": "/apis/serving.knative.dev/v1/namespaces/7577580991/services/wait",
                "uid": "0c117440-6864-41e7-9f78-8c7172794bf3"
              }
            ],
            "name": "wait",
            "project": "kontaindotme",
            "status": [
              {
                "conditions": [
                  {
                    "message": "",
                    "reason": "",
                    "status": "True",
                    "type": "Ready"
                  },
                  {
                    "message": "",
                    "reason": "",
                    "status": "True",
                    "type": "ConfigurationsReady"
                  },
                  {
                    "message": "",
                    "reason": "",
                    "status": "True",
                    "type": "RoutesReady"
                  }
                ],
                "latest_created_revision_name": "wait-srdts",
                "latest_ready_revision_name": "wait-srdts",
                "observed_generation": 31,
                "url": "https://wait-jdvoki277a-uc.a.run.app"
              }
            ],
            "template": [
              {
                "metadata": [
                  {
                    "annotations": {
                      "autoscaling.knative.dev/maxScale": "1000",
                      "run.googleapis.com/sandbox": "gvisor"
                    },
                    "generation": 0,
                    "labels": {},
                    "name": "",
                    "namespace": "",
                    "resource_version": "",
                    "self_link": "",
                    "uid": ""
                  }
                ],
                "spec": [
                  {
                    "container_concurrency": 80,
                    "containers": [
                      {
                        "args": [],
                        "command": [],
                        "env": [
                          {
                            "name": "BUCKET",
                            "value": "kontaindotme"
                          }
                        ],
                        "env_from": [],
                        "image": "gcr.io/kontaindotme/github.com/imjasonh/kontain.me/cmd/wait@sha256:e718371feccdb0a535cf232b35cad9122b8850d0be0566d255df999e0c746ce9",
                        "ports": [
                          {
                            "container_port": 8080,
                            "name": "http1",
                            "protocol": ""
                          }
                        ],
                        "resources": [
                          {
                            "limits": {
                              "cpu": "1",
                              "memory": "1Gi"
                            },
                            "requests": {}
                          }
                        ],
                        "working_dir": ""
                      }
                    ],
                    "service_account_name": "",
                    "serving_state": "",
                    "timeout_seconds": 60
                  }
                ]
              }
            ],
            "timeouts": null,
            "traffic": [
              {
                "latest_revision": true,
                "percent": 100,
                "revision_name": ""
              }
            ]
          },
          "sensitive_attributes": [],
          "private": "eyJlMmJmYjczMC1lY2FhLTExZTYtOGY4OC0zNDM2M2JjN2M0YzAiOnsiY3JlYXRlIjozNjAwMDAwMDAwMDAsImRlbGV0ZSI6MjQwMDAwMDAwMDAwLCJ1cGRhdGUiOjkwMDAwMDAwMDAwMH0sInNjaGVtYV92ZXJzaW9uIjoiMSJ9",
          "dependencies": [
            "google_project_service.run"
          ]
        }
      ]
    },
    {
      "mode": "managed",
      "type": "google_cloud_run_service_iam_member",
      "name": "allUsers",
      "provider": "provider[\"registry.terraform.io/hashicorp/google\"]",
      "instances": [
        {
          "index_key": "buildpack",
          "schema_version": 0,
          "attributes": {
            "condition": [],
            "etag": "BwW23HhKbeo=",
            "id": "v1/projects/kontaindotme/locations/us-central1/services/buildpack/roles/run.invoker/allusers",
            "location": "us-central1",
            "member": "allUsers",
            "project": "kontaindotme",
            "role": "roles/run.invoker",
            "service": "v1/projects/kontaindotme/locations/us-central1/services/buildpack"
          },
          "sensitive_attributes": [],
          "private": "bnVsbA==",
          "dependencies": [
            "google_cloud_run_service.services",
            "google_project_service.run"
          ]
        },
        {
          "index_key": "estargz",
          "schema_version": 0,
          "attributes": {
            "condition": [],
            "etag": "BwXH6JvAILA=",
            "id": "v1/projects/kontaindotme/locations/us-central1/services/estargz/roles/run.invoker/allusers",
            "location": "us-central1",
            "member": "allUsers",
            "project": "kontaindotme",
            "role": "roles/run.invoker",
            "service": "v1/projects/kontaindotme/locations/us-central1/services/estargz"
          },
          "sensitive_attributes": [],
          "private": "bnVsbA==",
          "dependencies": [
            "google_cloud_run_service.services",
            "google_project_service.run"
          ]
        },
        {
          "index_key": "flatten",
          "schema_version": 0,
          "attributes": {
            "condition": [],
            "etag": "BwW23LzCBoA=",
            "id": "v1/projects/kontaindotme/locations/us-central1/services/flatten/roles/run.invoker/allusers",
            "location": "us-central1",
            "member": "allUsers",
            "project": "kontaindotme",
            "role": "roles/run.invoker",
            "service": "v1/projects/kontaindotme/locations/us-central1/services/flatten"
          },
          "sensitive_attributes": [],
          "private": "bnVsbA==",
          "dependencies": [
            "google_cloud_run_service.services",
            "google_project_service.run"
          ]
        },
        {
          "index_key": "kaniko",
          "schema_version": 0,
          "attributes": {
            "condition": [],
            "etag": "BwW3FxqbVAo=",
            "id": "v1/projects/kontaindotme/locations/us-central1/services/kaniko/roles/run.invoker/allusers",
            "location": "us-central1",
            "member": "allUsers",
            "project": "kontaindotme",
            "role": "roles/run.invoker",
            "service": "v1/projects/kontaindotme/locations/us-central1/services/kaniko"
          },
          "sensitive_attributes": [],
          "private": "bnVsbA==",
          "dependencies": [
            "google_cloud_run_service.services",
            "google_project_service.run"
          ]
        },
        {
          "index_key": "ko",
          "schema_version": 0,
          "attributes": {
            "condition": [],
            "etag": "BwW23MnpyhU=",
            "id": "v1/projects/kontaindotme/locations/us-central1/services/ko/roles/run.invoker/allusers",
            "location": "us-central1",
            "member": "allUsers",
            "project": "kontaindotme",
            "role": "roles/run.invoker",
            "service": "v1/projects/kontaindotme/locations/us-central1/services/ko"
          },
          "sensitive_attributes": [],
          "private": "bnVsbA==",
          "dependencies": [
            "google_cloud_run_service.services",
            "google_project_service.run"
          ]
        },
        {
          "index_key": "mirror",
          "schema_version": 0,
          "attributes": {
            "condition": [],
            "etag": "BwW6ZBOtOjk=",
            "id": "v1/projects/kontaindotme/locations/us-central1/services/mirror/roles/run.invoker/allusers",
            "location": "us-central1",
            "member": "allUsers",
            "project": "kontaindotme",
            "role": "roles/run.invoker",
            "service": "v1/projects/kontaindotme/locations/us-central1/services/mirror"
          },
          "sensitive_attributes": [],
          "private": "bnVsbA==",
          "dependencies": [
            "google_cloud_run_service.services",
            "google_project_service.run"
          ]
        },
        {
          "index_key": "random",
          "schema_version": 0,
          "attributes": {
            "condition": [],
            "etag": "BwW6ZBOrppg=",
            "id": "v1/projects/kontaindotme/locations/us-central1/services/random/roles/run.invoker/allusers",
            "location": "us-central1",
            "member": "allUsers",
            "project": "kontaindotme",
            "role": "roles/run.invoker",
            "service": "v1/projects/kontaindotme/locations/us-central1/services/random"
          },
          "sensitive_attributes": [],
          "private": "bnVsbA==",
          "dependencies": [
            "google_cloud_run_service.services",
            "google_project_service.run"
          ]
        },
        {
          "index_key": "transparency",
          "schema_version": 0,
          "attributes": {
            "condition": [],
            "etag": "BwXJhsf/DME=",
            "id": "v1/projects/kontaindotme/locations/us-central1/services/transparency/roles/run.invoker/allusers",
            "location": "us-central1",
            "member": "allUsers",
            "project": "kontaindotme",
            "role": "roles/run.invoker",
            "service": "v1/projects/kontaindotme/locations/us-central1/services/transparency"
          },
          "sensitive_attributes": [],
          "private": "bnVsbA==",
          "dependencies": [
            "google_cloud_run_service.services",
            "google_project_service.run"
          ]
        },
        {
          "index_key": "viz",
          "schema_version": 0,
          "attributes": {
            "condition": [],
            "etag": "BwW23MnpzEI=",
            "id": "v1/projects/kontaindotme/locations/us-central1/services/viz/roles/run.invoker/allusers",
            "location": "us-central1",
            "member": "allUsers",
            "project": "kontaindotme",
            "role": "roles/run.invoker",
            "service": "v1/projects/kontaindotme/locations/us-central1/services/viz"
          },
          "sensitive_attributes": [],
          "private": "bnVsbA==",
          "dependencies": [
            "google_cloud_run_service.services",
            "google_project_service.run"
          ]
        },
        {
          "index_key": "wait",
          "schema_version": 0,
          "attributes": {
            "condition": [],
            "etag": "BwW3xxCmW/E=",
            "id": "v1/projects/kontaindotme/locations/us-central1/services/wait/roles/run.invoker/allusers",
            "location": "us-central1",
            "member": "allUsers",
            "project": "kontaindotme",
            "role": "roles/run.invoker",
            "service": "v1/projects/kontaindotme/locations/us-central1/services/wait"
          },
          "sensitive_attributes": [],
          "private": "bnVsbA==",
          "dependencies": [
            "google_cloud_run_service.services",
            "google_project_service.run"
          ]
        }
      ]
    },
    {
      "mode": "managed",
      "type": "google_cloud_tasks_queue",
      "name": "wait-queue",
      "provider": "provider[\"registry.terraform.io/hashicorp/google\"]",
      "instances": [
        {
          "schema_version": 0,
          "attributes": {
            "app_engine_routing_override": [],
            "id": "projects/kontaindotme/locations/us-central1/queues/wait-queue",
            "location": "us-central1",
            "name": "wait-queue",
            "project": "kontaindotme",
            "rate_limits": [
              {
                "max_burst_size": 100,
                "max_concurrent_dispatches": 1000,
                "max_dispatches_per_second": 500
              }
            ],
            "retry_config": [
              {
                "max_attempts": 100,
                "max_backoff": "3600s",
                "max_doublings": 16,
                "max_retry_duration": "",
                "min_backoff": "0.100s"
              }
            ],
            "stackdriver_logging_config": [],
            "timeouts": null
          },
          "sensitive_attributes": [],
          "private": "eyJlMmJmYjczMC1lY2FhLTExZTYtOGY4OC0zNDM2M2JjN2M0YzAiOnsiY3JlYXRlIjoyNDAwMDAwMDAwMDAsImRlbGV0ZSI6MjQwMDAwMDAwMDAwLCJ1cGRhdGUiOjI0MDAwMDAwMDAwMH19",
          "dependencies": [
            "google_app_engine_application.app",
            "google_project_service.cloudtasks"
          ]
        }
      ]
    },
    {
      "mode": "managed",
      "type": "google_project_service",
      "name": "cloudtasks",
      "provider": "provider[\"registry.terraform.io/hashicorp/google\"]",
      "instances": [
        {
          "schema_version": 0,
          "attributes": {
            "disable_dependent_services": null,
            "disable_on_destroy": true,
            "id": "kontaindotme/cloudtasks.googleapis.com",
            "project": "kontaindotme",
            "service": "cloudtasks.googleapis.com",
            "timeouts": null
          },
          "sensitive_attributes": [],
          "private": "eyJlMmJmYjczMC1lY2FhLTExZTYtOGY4OC0zNDM2M2JjN2M0YzAiOnsiY3JlYXRlIjoxMjAwMDAwMDAwMDAwLCJkZWxldGUiOjEyMDAwMDAwMDAwMDAsInJlYWQiOjYwMDAwMDAwMDAwMCwidXBkYXRlIjoxMjAwMDAwMDAwMDAwfX0="
        }
      ]
    },
    {
      "mode": "managed",
      "type": "google_project_service",
      "name": "datastore",
      "provider": "provider[\"registry.terraform.io/hashicorp/google\"]",
      "instances": [
        {
          "schema_version": 0,
          "attributes": {
            "disable_dependent_services": null,
            "disable_on_destroy": true,
            "id": "kontaindotme/datastore.googleapis.com",
            "project": "kontaindotme",
            "service": "datastore.googleapis.com",
            "timeouts": null
          },
          "sensitive_attributes": []
        }
      ]
    },
    {
      "mode": "managed",
      "type": "google_project_service",
      "name": "run",
      "provider": "provider[\"registry.terraform.io/hashicorp/google\"]",
      "instances": [
        {
          "schema_version": 0,
          "attributes": {
            "disable_dependent_services": null,
            "disable_on_destroy": true,
            "id": "kontaindotme/run.googleapis.com",
            "project": "kontaindotme",
            "service": "run.googleapis.com",
            "timeouts": null
          },
          "sensitive_attributes": [],
          "private": "eyJlMmJmYjczMC1lY2FhLTExZTYtOGY4OC0zNDM2M2JjN2M0YzAiOnsiY3JlYXRlIjoxMjAwMDAwMDAwMDAwLCJkZWxldGUiOjEyMDAwMDAwMDAwMDAsInJlYWQiOjYwMDAwMDAwMDAwMCwidXBkYXRlIjoxMjAwMDAwMDAwMDAwfX0="
        }
      ]
    },
    {
      "mode": "managed",
      "type": "google_storage_bucket",
      "name": "bucket",
      "provider": "provider[\"registry.terraform.io/hashicorp/google\"]",
      "instances": [
        {
          "schema_version": 0,
          "attributes": {
            "bucket_policy_only": false,
            "cors": [],
            "default_event_based_hold": false,
            "encryption": [],
            "force_destroy": false,
            "id": "kontaindotme",
            "labels": {},
            "lifecycle_rule": [
              {
                "action": [
                  {
                    "storage_class": "",
                    "type": "Delete"
                  }
                ],
                "condition": [
                  {
                    "age": 1,
                    "created_before": "",
                    "custom_time_before": "",
                    "days_since_custom_time": 0,
                    "days_since_noncurrent_time": 0,
                    "matches_storage_class": [],
                    "noncurrent_time_before": "",
                    "num_newer_versions": 0,
                    "with_state": "ANY"
                  }
                ]
              }
            ],
            "location": "US",
            "logging": [],
            "name": "kontaindotme",
            "project": "kontaindotme",
            "requester_pays": false,
            "retention_policy": [],
            "self_link": "https://www.googleapis.com/storage/v1/b/kontaindotme",
            "storage_class": "STANDARD",
            "uniform_bucket_level_access": false,
            "url": "gs://kontaindotme",
            "versioning": [],
            "website": []
          },
          "sensitive_attributes": [],
          "private": "bnVsbA=="
        }
      ]
    }
  ]
}
