{
  "version": 4,
  "terraform_version": "0.14.4",
  "serial": 323,
  "lineage": "98bd48ac-f11e-080d-8858-7eeab1503835",
  "outputs": {
    "services": {
      "value": {
        "buildpack": "https://buildpack-jdvoki277a-uc.a.run.app",
        "flatten": "https://flatten-jdvoki277a-uc.a.run.app",
        "kaniko": "https://kaniko-jdvoki277a-uc.a.run.app",
        "ko": "https://ko-jdvoki277a-uc.a.run.app",
        "mirror": "https://mirror-jdvoki277a-uc.a.run.app",
        "random": "https://random-jdvoki277a-uc.a.run.app",
        "viz": "https://viz-jdvoki277a-uc.a.run.app",
        "wait": "https://wait-jdvoki277a-uc.a.run.app"
      },
      "type": [
        "object",
        {
          "buildpack": "string",
          "flatten": "string",
          "kaniko": "string",
          "ko": "string",
          "mirror": "string",
          "random": "string",
          "viz": "string",
          "wait": "string"
        }
      ]
    }
  },
  "resources": [
    {
      "mode": "managed",
      "type": "google_app_engine_application",
      "name": "app",
      "provider": "provider[\"registry.terraform.io/hashicorp/google\"]",
      "instances": [
        {
          "schema_version": 0,
          "attributes": {
            "app_id": "kontaindotme",
            "auth_domain": "gmail.com",
            "code_bucket": "staging.kontaindotme.appspot.com",
            "database_type": "CLOUD_DATASTORE_COMPATIBILITY",
            "default_bucket": "kontaindotme.appspot.com",
            "default_hostname": "kontaindotme.uc.r.appspot.com",
            "feature_settings": [
              {
                "split_health_checks": true
              }
            ],
            "gcr_domain": "us.gcr.io",
            "iap": [],
            "id": "kontaindotme",
            "location_id": "us-central",
            "name": "apps/kontaindotme",
            "project": "kontaindotme",
            "serving_status": "SERVING",
            "timeouts": null,
            "url_dispatch_rule": []
          },
          "sensitive_attributes": [],
          "private": "eyJlMmJmYjczMC1lY2FhLTExZTYtOGY4OC0zNDM2M2JjN2M0YzAiOnsiY3JlYXRlIjoyNDAwMDAwMDAwMDAsInVwZGF0ZSI6MjQwMDAwMDAwMDAwfX0="
        }
      ]
    },
    {
      "mode": "managed",
      "type": "google_cloud_run_service",
      "name": "services",
      "provider": "provider[\"registry.terraform.io/hashicorp/google\"]",
      "instances": [
        {
          "index_key": "buildpack",
          "schema_version": 1,
          "attributes": {
            "autogenerate_revision_name": false,
            "id": "locations/us-central1/namespaces/kontaindotme/services/buildpack",
            "location": "us-central1",
            "metadata": [
              {
                "annotations": {
                  "run.googleapis.com/ingress": "all",
                  "run.googleapis.com/ingress-status": "all",
                  "run.googleapis.com/launch-stage": "BETA",
                  "serving.knative.dev/creator": "imjasonh@gmail.com",
                  "serving.knative.dev/lastModifier": "imjasonh@gmail.com"
                },
                "generation": 31,
                "labels": {
                  "cloud.googleapis.com/location": "us-central1"
                },
                "namespace": "kontaindotme",
                "resource_version": "AAW61zMj0Rg",
                "self_link": "/apis/serving.knative.dev/v1/namespaces/7577580991/services/buildpack",
                "uid": "e9472550-54a4-42e2-9e0b-62672e9955d9"
              }
            ],
            "name": "buildpack",
            "project": "kontaindotme",
            "status": [
              {
                "conditions": [
                  {
                    "message": "Deploying Revision.",
                    "reason": "",
                    "status": "Unknown",
                    "type": "Ready"
                  },
                  {
                    "message": "Deploying Revision.",
                    "reason": "",
                    "status": "Unknown",
                    "type": "ConfigurationsReady"
                  },
                  {
                    "message": "",
                    "reason": "",
                    "status": "True",
                    "type": "RoutesReady"
                  }
                ],
                "latest_created_revision_name": "buildpack-rpp5t",
                "latest_ready_revision_name": "buildpack-lwqks",
                "observed_generation": 31,
                "url": "https://buildpack-jdvoki277a-uc.a.run.app"
              }
            ],
            "template": [
              {
                "metadata": [
                  {
                    "annotations": {
                      "autoscaling.knative.dev/maxScale": "1000",
                      "run.googleapis.com/sandbox": "gvisor"
                    },
                    "generation": 0,
                    "labels": {},
                    "name": "",
                    "namespace": "",
                    "resource_version": "",
                    "self_link": "",
                    "uid": ""
                  }
                ],
                "spec": [
                  {
                    "container_concurrency": 80,
                    "containers": [
                      {
                        "args": [],
                        "command": [],
                        "env": [
                          {
                            "name": "BUCKET",
                            "value": "kontaindotme"
                          }
                        ],
                        "env_from": [],
                        "image": "gcr.io/kontaindotme/github.com/imjasonh/kontain.me/cmd/buildpack@sha256:f5c2600b676bc6b1a39c5cd3e7239ba35700582b8befb50ce820f7b6b65a57bd",
                        "ports": [
                          {
                            "container_port": 8080,
                            "name": "",
                            "protocol": ""
                          }
                        ],
                        "resources": [
                          {
                            "limits": {
                              "cpu": "2",
                              "memory": "4Gi"
                            },
                            "requests": {}
                          }
                        ],
                        "working_dir": ""
                      }
                    ],
                    "service_account_name": "",
                    "serving_state": "",
                    "timeout_seconds": 900
                  }
                ]
              }
            ],
            "timeouts": null,
            "traffic": [
              {
                "latest_revision": true,
                "percent": 100,
                "revision_name": ""
              }
            ]
          },
          "sensitive_attributes": [],
          "private": "eyJlMmJmYjczMC1lY2FhLTExZTYtOGY4OC0zNDM2M2JjN2M0YzAiOnsiY3JlYXRlIjozNjAwMDAwMDAwMDAsImRlbGV0ZSI6MjQwMDAwMDAwMDAwLCJ1cGRhdGUiOjkwMDAwMDAwMDAwMH0sInNjaGVtYV92ZXJzaW9uIjoiMSJ9",
          "dependencies": [
            "google_project_service.run"
          ]
        },
        {
          "index_key": "flatten",
          "schema_version": 1,
          "attributes": {
            "autogenerate_revision_name": false,
            "id": "locations/us-central1/namespaces/kontaindotme/services/flatten",
            "location": "us-central1",
            "metadata": [
              {
                "annotations": {
                  "run.googleapis.com/ingress": "all",
                  "run.googleapis.com/ingress-status": "all",
                  "run.googleapis.com/launch-stage": "BETA",
                  "serving.knative.dev/creator": "imjasonh@gmail.com",
                  "serving.knative.dev/lastModifier": "imjasonh@gmail.com"
                },
                "generation": 30,
                "labels": {
                  "cloud.googleapis.com/location": "us-central1"
                },
                "namespace": "kontaindotme",
                "resource_version": "AAW6m3f1su0",
                "self_link": "/apis/serving.knative.dev/v1/namespaces/7577580991/services/flatten",
                "uid": "18f23532-e3a6-45f8-9a25-1cdcf2d5eb2e"
              }
            ],
            "name": "flatten",
            "project": "kontaindotme",
            "status": [
              {
                "conditions": [
                  {
                    "message": "",
                    "reason": "",
                    "status": "True",
                    "type": "Ready"
                  },
                  {
                    "message": "",
                    "reason": "",
                    "status": "True",
                    "type": "ConfigurationsReady"
                  },
                  {
                    "message": "",
                    "reason": "",
                    "status": "True",
                    "type": "RoutesReady"
                  }
                ],
                "latest_created_revision_name": "flatten-rpjfd",
                "latest_ready_revision_name": "flatten-rpjfd",
                "observed_generation": 30,
                "url": "https://flatten-jdvoki277a-uc.a.run.app"
              }
            ],
            "template": [
              {
                "metadata": [
                  {
                    "annotations": {
                      "autoscaling.knative.dev/maxScale": "1000",
                      "run.googleapis.com/sandbox": "gvisor"
                    },
                    "generation": 0,
                    "labels": {},
                    "name": "",
                    "namespace": "",
                    "resource_version": "",
                    "self_link": "",
                    "uid": ""
                  }
                ],
                "spec": [
                  {
                    "container_concurrency": 80,
                    "containers": [
                      {
                        "args": [],
                        "command": [],
                        "env": [
                          {
                            "name": "BUCKET",
                            "value": "kontaindotme"
                          }
                        ],
                        "env_from": [],
                        "image": "gcr.io/kontaindotme/github.com/imjasonh/kontain.me/cmd/flatten@sha256:c9514ce67ce06d981948d95932efa546593889861ae957becc2fbd52df6dd961",
                        "ports": [
                          {
                            "container_port": 8080,
                            "name": "",
                            "protocol": ""
                          }
                        ],
                        "resources": [
                          {
                            "limits": {
                              "cpu": "1",
                              "memory": "1Gi"
                            },
                            "requests": {}
                          }
                        ],
                        "working_dir": ""
                      }
                    ],
                    "service_account_name": "",
                    "serving_state": "",
                    "timeout_seconds": 120
                  }
                ]
              }
            ],
            "timeouts": null,
            "traffic": [
              {
                "latest_revision": true,
                "percent": 100,
                "revision_name": ""
              }
            ]
          },
          "sensitive_attributes": [],
          "private": "eyJlMmJmYjczMC1lY2FhLTExZTYtOGY4OC0zNDM2M2JjN2M0YzAiOnsiY3JlYXRlIjozNjAwMDAwMDAwMDAsImRlbGV0ZSI6MjQwMDAwMDAwMDAwLCJ1cGRhdGUiOjkwMDAwMDAwMDAwMH0sInNjaGVtYV92ZXJzaW9uIjoiMSJ9",
          "dependencies": [
            "google_project_service.run"
          ]
        },
        {
          "index_key": "kaniko",
          "schema_version": 1,
          "attributes": {
            "autogenerate_revision_name": false,
            "id": "locations/us-central1/namespaces/kontaindotme/services/kaniko",
            "location": "us-central1",
            "metadata": [
              {
                "annotations": {
                  "run.googleapis.com/ingress": "all",
                  "run.googleapis.com/ingress-status": "all",
                  "run.googleapis.com/launch-stage": "BETA",
                  "serving.knative.dev/creator": "imjasonh@gmail.com",
                  "serving.knative.dev/lastModifier": "imjasonh@gmail.com"
                },
                "generation": 36,
                "labels": {
                  "cloud.googleapis.com/location": "us-central1"
                },
                "namespace": "kontaindotme",
                "resource_version": "AAW6m3fcUR4",
                "self_link": "/apis/serving.knative.dev/v1/namespaces/7577580991/services/kaniko",
                "uid": "31f7d7d4-112a-41f6-9a68-eccaa11fae10"
              }
            ],
            "name": "kaniko",
            "project": "kontaindotme",
            "status": [
              {
                "conditions": [
                  {
                    "message": "",
                    "reason": "",
                    "status": "True",
                    "type": "Ready"
                  },
                  {
                    "message": "",
                    "reason": "",
                    "status": "True",
                    "type": "ConfigurationsReady"
                  },
                  {
                    "message": "",
                    "reason": "",
                    "status": "True",
                    "type": "RoutesReady"
                  }
                ],
                "latest_created_revision_name": "kaniko-rcsrb",
                "latest_ready_revision_name": "kaniko-rcsrb",
                "observed_generation": 36,
                "url": "https://kaniko-jdvoki277a-uc.a.run.app"
              }
            ],
            "template": [
              {
                "metadata": [
                  {
                    "annotations": {
                      "autoscaling.knative.dev/maxScale": "1000",
                      "run.googleapis.com/sandbox": "gvisor"
                    },
                    "generation": 0,
                    "labels": {},
                    "name": "",
                    "namespace": "",
                    "resource_version": "",
                    "self_link": "",
                    "uid": ""
                  }
                ],
                "spec": [
                  {
                    "container_concurrency": 80,
                    "containers": [
                      {
                        "args": [],
                        "command": [],
                        "env": [
                          {
                            "name": "BUCKET",
                            "value": "kontaindotme"
                          }
                        ],
                        "env_from": [],
                        "image": "gcr.io/kontaindotme/github.com/imjasonh/kontain.me/cmd/kaniko@sha256:980fa874bf2abc15e928532973fb197b88626d15ff2e6f084d6d848c8d23f8cc",
                        "ports": [
                          {
                            "container_port": 8080,
                            "name": "",
                            "protocol": ""
                          }
                        ],
                        "resources": [
                          {
                            "limits": {
                              "cpu": "2",
                              "memory": "4Gi"
                            },
                            "requests": {}
                          }
                        ],
                        "working_dir": ""
                      }
                    ],
                    "service_account_name": "",
                    "serving_state": "",
                    "timeout_seconds": 900
                  }
                ]
              }
            ],
            "timeouts": null,
            "traffic": [
              {
                "latest_revision": true,
                "percent": 100,
                "revision_name": ""
              }
            ]
          },
          "sensitive_attributes": [],
          "private": "eyJlMmJmYjczMC1lY2FhLTExZTYtOGY4OC0zNDM2M2JjN2M0YzAiOnsiY3JlYXRlIjozNjAwMDAwMDAwMDAsImRlbGV0ZSI6MjQwMDAwMDAwMDAwLCJ1cGRhdGUiOjkwMDAwMDAwMDAwMH0sInNjaGVtYV92ZXJzaW9uIjoiMSJ9",
          "dependencies": [
            "google_project_service.run"
          ]
        },
        {
          "index_key": "ko",
          "schema_version": 1,
          "attributes": {
            "autogenerate_revision_name": false,
            "id": "locations/us-central1/namespaces/kontaindotme/services/ko",
            "location": "us-central1",
            "metadata": [
              {
                "annotations": {
                  "run.googleapis.com/ingress": "all",
                  "run.googleapis.com/ingress-status": "all",
                  "run.googleapis.com/launch-stage": "BETA",
                  "serving.knative.dev/creator": "imjasonh@gmail.com",
                  "serving.knative.dev/lastModifier": "imjasonh@gmail.com"
                },
                "generation": 24,
                "labels": {
                  "cloud.googleapis.com/location": "us-central1"
                },
                "namespace": "kontaindotme",
                "resource_version": "AAW6m3+vGeE",
                "self_link": "/apis/serving.knative.dev/v1/namespaces/7577580991/services/ko",
                "uid": "b7f2d9db-7e36-4502-9b5b-caf16e131593"
              }
            ],
            "name": "ko",
            "project": "kontaindotme",
            "status": [
              {
                "conditions": [
                  {
                    "message": "",
                    "reason": "",
                    "status": "True",
                    "type": "Ready"
                  },
                  {
                    "message": "",
                    "reason": "",
                    "status": "True",
                    "type": "ConfigurationsReady"
                  },
                  {
                    "message": "",
                    "reason": "",
                    "status": "True",
                    "type": "RoutesReady"
                  }
                ],
                "latest_created_revision_name": "ko-r5tpg",
                "latest_ready_revision_name": "ko-r5tpg",
                "observed_generation": 24,
                "url": "https://ko-jdvoki277a-uc.a.run.app"
              }
            ],
            "template": [
              {
                "metadata": [
                  {
                    "annotations": {
                      "autoscaling.knative.dev/maxScale": "1000",
                      "run.googleapis.com/sandbox": "gvisor"
                    },
                    "generation": 0,
                    "labels": {},
                    "name": "",
                    "namespace": "",
                    "resource_version": "",
                    "self_link": "",
                    "uid": ""
                  }
                ],
                "spec": [
                  {
                    "container_concurrency": 80,
                    "containers": [
                      {
                        "args": [],
                        "command": [],
                        "env": [
                          {
                            "name": "BUCKET",
                            "value": "kontaindotme"
                          }
                        ],
                        "env_from": [],
                        "image": "gcr.io/kontaindotme/github.com/imjasonh/kontain.me/cmd/ko@sha256:e82e205b54e684ed40e20531bfe6b02f97bc4c378c293f0e0a68e84182e21e4f",
                        "ports": [
                          {
                            "container_port": 8080,
                            "name": "",
                            "protocol": ""
                          }
                        ],
                        "resources": [
                          {
                            "limits": {
                              "cpu": "2",
                              "memory": "4Gi"
                            },
                            "requests": {}
                          }
                        ],
                        "working_dir": ""
                      }
                    ],
                    "service_account_name": "",
                    "serving_state": "",
                    "timeout_seconds": 900
                  }
                ]
              }
            ],
            "timeouts": null,
            "traffic": [
              {
                "latest_revision": true,
                "percent": 100,
                "revision_name": ""
              }
            ]
          },
          "sensitive_attributes": [],
          "private": "eyJlMmJmYjczMC1lY2FhLTExZTYtOGY4OC0zNDM2M2JjN2M0YzAiOnsiY3JlYXRlIjozNjAwMDAwMDAwMDAsImRlbGV0ZSI6MjQwMDAwMDAwMDAwLCJ1cGRhdGUiOjkwMDAwMDAwMDAwMH0sInNjaGVtYV92ZXJzaW9uIjoiMSJ9",
          "dependencies": [
            "google_project_service.run"
          ]
        },
        {
          "index_key": "mirror",
          "schema_version": 1,
          "attributes": {
            "autogenerate_revision_name": false,
            "id": "locations/us-central1/namespaces/kontaindotme/services/mirror",
            "location": "us-central1",
            "metadata": [
              {
                "annotations": {
                  "run.googleapis.com/ingress": "all",
                  "run.googleapis.com/ingress-status": "all",
                  "run.googleapis.com/launch-stage": "BETA",
                  "serving.knative.dev/creator": "imjasonh@gmail.com",
                  "serving.knative.dev/lastModifier": "imjasonh@gmail.com"
                },
                "generation": 2,
                "labels": {
                  "cloud.googleapis.com/location": "us-central1"
                },
                "namespace": "kontaindotme",
                "resource_version": "AAW6m3fRPV4",
                "self_link": "/apis/serving.knative.dev/v1/namespaces/7577580991/services/mirror",
                "uid": "6012af7b-7c1b-49a4-83c0-46624076b879"
              }
            ],
            "name": "mirror",
            "project": "kontaindotme",
            "status": [
              {
                "conditions": [
                  {
                    "message": "",
                    "reason": "",
                    "status": "True",
                    "type": "Ready"
                  },
                  {
                    "message": "",
                    "reason": "",
                    "status": "True",
                    "type": "ConfigurationsReady"
                  },
                  {
                    "message": "",
                    "reason": "",
                    "status": "True",
                    "type": "RoutesReady"
                  }
                ],
                "latest_created_revision_name": "mirror-wqsfn",
                "latest_ready_revision_name": "mirror-wqsfn",
                "observed_generation": 2,
                "url": "https://mirror-jdvoki277a-uc.a.run.app"
              }
            ],
            "template": [
              {
                "metadata": [
                  {
                    "annotations": {
                      "autoscaling.knative.dev/maxScale": "100",
                      "run.googleapis.com/sandbox": "gvisor"
                    },
                    "generation": 0,
                    "labels": {},
                    "name": "",
                    "namespace": "",
                    "resource_version": "",
                    "self_link": "",
                    "uid": ""
                  }
                ],
                "spec": [
                  {
                    "container_concurrency": 80,
                    "containers": [
                      {
                        "args": [],
                        "command": [],
                        "env": [
                          {
                            "name": "BUCKET",
                            "value": "kontaindotme"
                          }
                        ],
                        "env_from": [],
                        "image": "gcr.io/kontaindotme/github.com/imjasonh/kontain.me/cmd/mirror@sha256:0dc2cfeb748f51319b7aff6b0c13df3eb8280aa4f48ef8d276196502acacf094",
                        "ports": [
                          {
                            "container_port": 8080,
                            "name": "http1",
                            "protocol": ""
                          }
                        ],
                        "resources": [
                          {
                            "limits": {
                              "cpu": "1",
                              "memory": "1Gi"
                            },
                            "requests": {}
                          }
                        ],
                        "working_dir": ""
                      }
                    ],
                    "service_account_name": "",
                    "serving_state": "",
                    "timeout_seconds": 60
                  }
                ]
              }
            ],
            "timeouts": null,
            "traffic": [
              {
                "latest_revision": true,
                "percent": 100,
                "revision_name": ""
              }
            ]
          },
          "sensitive_attributes": [],
          "private": "eyJlMmJmYjczMC1lY2FhLTExZTYtOGY4OC0zNDM2M2JjN2M0YzAiOnsiY3JlYXRlIjozNjAwMDAwMDAwMDAsImRlbGV0ZSI6MjQwMDAwMDAwMDAwLCJ1cGRhdGUiOjkwMDAwMDAwMDAwMH0sInNjaGVtYV92ZXJzaW9uIjoiMSJ9",
          "dependencies": [
            "google_project_service.run"
          ]
        },
        {
          "index_key": "random",
          "schema_version": 1,
          "attributes": {
            "autogenerate_revision_name": false,
            "id": "locations/us-central1/namespaces/kontaindotme/services/random",
            "location": "us-central1",
            "metadata": [
              {
                "annotations": {
                  "run.googleapis.com/ingress": "all",
                  "run.googleapis.com/ingress-status": "all",
                  "run.googleapis.com/launch-stage": "BETA",
                  "serving.knative.dev/creator": "imjasonh@gmail.com",
                  "serving.knative.dev/lastModifier": "imjasonh@gmail.com"
                },
                "generation": 2,
                "labels": {
                  "cloud.googleapis.com/location": "us-central1"
                },
                "namespace": "kontaindotme",
                "resource_version": "AAW6m3fWw68",
                "self_link": "/apis/serving.knative.dev/v1/namespaces/7577580991/services/random",
                "uid": "9e6399b4-dc12-4126-9ccf-2047da1778fb"
              }
            ],
            "name": "random",
            "project": "kontaindotme",
            "status": [
              {
                "conditions": [
                  {
                    "message": "",
                    "reason": "",
                    "status": "True",
                    "type": "Ready"
                  },
                  {
                    "message": "",
                    "reason": "",
                    "status": "True",
                    "type": "ConfigurationsReady"
                  },
                  {
                    "message": "",
                    "reason": "",
                    "status": "True",
                    "type": "RoutesReady"
                  }
                ],
                "latest_created_revision_name": "random-rpqx4",
                "latest_ready_revision_name": "random-rpqx4",
                "observed_generation": 2,
                "url": "https://random-jdvoki277a-uc.a.run.app"
              }
            ],
            "template": [
              {
                "metadata": [
                  {
                    "annotations": {
                      "autoscaling.knative.dev/maxScale": "100",
                      "run.googleapis.com/sandbox": "gvisor"
                    },
                    "generation": 0,
                    "labels": {},
                    "name": "",
                    "namespace": "",
                    "resource_version": "",
                    "self_link": "",
                    "uid": ""
                  }
                ],
                "spec": [
                  {
                    "container_concurrency": 80,
                    "containers": [
                      {
                        "args": [],
                        "command": [],
                        "env": [
                          {
                            "name": "BUCKET",
                            "value": "kontaindotme"
                          }
                        ],
                        "env_from": [],
                        "image": "gcr.io/kontaindotme/github.com/imjasonh/kontain.me/cmd/random@sha256:be2613a34d23ebac748ffafabf883e21352e3497908db2c4eda9c41421a7f083",
                        "ports": [
                          {
                            "container_port": 8080,
                            "name": "http1",
                            "protocol": ""
                          }
                        ],
                        "resources": [
                          {
                            "limits": {
                              "cpu": "1",
                              "memory": "1Gi"
                            },
                            "requests": {}
                          }
                        ],
                        "working_dir": ""
                      }
                    ],
                    "service_account_name": "",
                    "serving_state": "",
                    "timeout_seconds": 60
                  }
                ]
              }
            ],
            "timeouts": null,
            "traffic": [
              {
                "latest_revision": true,
                "percent": 100,
                "revision_name": ""
              }
            ]
          },
          "sensitive_attributes": [],
          "private": "eyJlMmJmYjczMC1lY2FhLTExZTYtOGY4OC0zNDM2M2JjN2M0YzAiOnsiY3JlYXRlIjozNjAwMDAwMDAwMDAsImRlbGV0ZSI6MjQwMDAwMDAwMDAwLCJ1cGRhdGUiOjkwMDAwMDAwMDAwMH0sInNjaGVtYV92ZXJzaW9uIjoiMSJ9",
          "dependencies": [
            "google_project_service.run"
          ]
        },
        {
          "index_key": "viz",
          "schema_version": 1,
          "attributes": {
            "autogenerate_revision_name": false,
            "id": "locations/us-central1/namespaces/kontaindotme/services/viz",
            "location": "us-central1",
            "metadata": [
              {
                "annotations": {
                  "run.googleapis.com/ingress": "all",
                  "run.googleapis.com/ingress-status": "all",
                  "run.googleapis.com/launch-stage": "BETA",
                  "serving.knative.dev/creator": "imjasonh@gmail.com",
                  "serving.knative.dev/lastModifier": "imjasonh@gmail.com"
                },
                "generation": 9,
                "labels": {
                  "cloud.googleapis.com/location": "us-central1"
                },
                "namespace": "kontaindotme",
                "resource_version": "AAW6Y+NwoZQ",
                "self_link": "/apis/serving.knative.dev/v1/namespaces/7577580991/services/viz",
                "uid": "68575159-ca57-4cc4-a275-cb88ba98ef7c"
              }
            ],
            "name": "viz",
            "project": "kontaindotme",
            "status": [
              {
                "conditions": [
                  {
                    "message": "",
                    "reason": "",
                    "status": "True",
                    "type": "Ready"
                  },
                  {
                    "message": "",
                    "reason": "",
                    "status": "True",
                    "type": "ConfigurationsReady"
                  },
                  {
                    "message": "",
                    "reason": "",
                    "status": "True",
                    "type": "RoutesReady"
                  }
                ],
                "latest_created_revision_name": "viz-ns6dk",
                "latest_ready_revision_name": "viz-ns6dk",
                "observed_generation": 9,
                "url": "https://viz-jdvoki277a-uc.a.run.app"
              }
            ],
            "template": [
              {
                "metadata": [
                  {
                    "annotations": {
                      "autoscaling.knative.dev/maxScale": "1000",
                      "run.googleapis.com/sandbox": "gvisor"
                    },
                    "generation": 0,
                    "labels": {},
                    "name": "",
                    "namespace": "",
                    "resource_version": "",
                    "self_link": "",
                    "uid": ""
                  }
                ],
                "spec": [
                  {
                    "container_concurrency": 80,
                    "containers": [
                      {
                        "args": [],
                        "command": [],
                        "env": [
                          {
                            "name": "BUCKET",
                            "value": "kontaindotme"
                          }
                        ],
                        "env_from": [],
                        "image": "gcr.io/kontaindotme/github.com/imjasonh/kontain.me/cmd/viz@sha256:311540087b10491f39312193d63a055ca17a9a088dc37be4159ec823d4d8f936",
                        "ports": [
                          {
                            "container_port": 8080,
                            "name": "",
                            "protocol": ""
                          }
                        ],
                        "resources": [
                          {
                            "limits": {
                              "cpu": "1",
                              "memory": "1Gi"
                            },
                            "requests": {}
                          }
                        ],
                        "working_dir": ""
                      }
                    ],
                    "service_account_name": "",
                    "serving_state": "",
                    "timeout_seconds": 60
                  }
                ]
              }
            ],
            "timeouts": null,
            "traffic": [
              {
                "latest_revision": true,
                "percent": 100,
                "revision_name": ""
              }
            ]
          },
          "sensitive_attributes": [],
          "private": "eyJlMmJmYjczMC1lY2FhLTExZTYtOGY4OC0zNDM2M2JjN2M0YzAiOnsiY3JlYXRlIjozNjAwMDAwMDAwMDAsImRlbGV0ZSI6MjQwMDAwMDAwMDAwLCJ1cGRhdGUiOjkwMDAwMDAwMDAwMH0sInNjaGVtYV92ZXJzaW9uIjoiMSJ9",
          "dependencies": [
            "google_project_service.run"
          ]
        },
        {
          "index_key": "wait",
          "schema_version": 1,
          "attributes": {
            "autogenerate_revision_name": false,
            "id": "locations/us-central1/namespaces/kontaindotme/services/wait",
            "location": "us-central1",
            "metadata": [
              {
                "annotations": {
                  "run.googleapis.com/ingress": "all",
                  "run.googleapis.com/ingress-status": "all",
                  "run.googleapis.com/launch-stage": "BETA",
                  "serving.knative.dev/creator": "imjasonh@gmail.com",
                  "serving.knative.dev/lastModifier": "imjasonh@gmail.com"
                },
                "generation": 23,
                "labels": {
                  "cloud.googleapis.com/location": "us-central1"
                },
                "namespace": "kontaindotme",
                "resource_version": "AAW6m3fQ/fs",
                "self_link": "/apis/serving.knative.dev/v1/namespaces/7577580991/services/wait",
                "uid": "0c117440-6864-41e7-9f78-8c7172794bf3"
              }
            ],
            "name": "wait",
            "project": "kontaindotme",
            "status": [
              {
                "conditions": [
                  {
                    "message": "",
                    "reason": "",
                    "status": "True",
                    "type": "Ready"
                  },
                  {
                    "message": "",
                    "reason": "",
                    "status": "True",
                    "type": "ConfigurationsReady"
                  },
                  {
                    "message": "",
                    "reason": "",
                    "status": "True",
                    "type": "RoutesReady"
                  }
                ],
                "latest_created_revision_name": "wait-hhw52",
                "latest_ready_revision_name": "wait-hhw52",
                "observed_generation": 23,
                "url": "https://wait-jdvoki277a-uc.a.run.app"
              }
            ],
            "template": [
              {
                "metadata": [
                  {
                    "annotations": {
                      "autoscaling.knative.dev/maxScale": "1000",
                      "run.googleapis.com/sandbox": "gvisor"
                    },
                    "generation": 0,
                    "labels": {},
                    "name": "",
                    "namespace": "",
                    "resource_version": "",
                    "self_link": "",
                    "uid": ""
                  }
                ],
                "spec": [
                  {
                    "container_concurrency": 80,
                    "containers": [
                      {
                        "args": [],
                        "command": [],
                        "env": [
                          {
                            "name": "BUCKET",
                            "value": "kontaindotme"
                          }
                        ],
                        "env_from": [],
                        "image": "gcr.io/kontaindotme/github.com/imjasonh/kontain.me/cmd/wait@sha256:6e4b136b4dad0d9e2303eeeaba7ee134f855411ffda1fc157c8a857723a0a07e",
                        "ports": [
                          {
                            "container_port": 8080,
                            "name": "",
                            "protocol": ""
                          }
                        ],
                        "resources": [
                          {
                            "limits": {
                              "cpu": "1",
                              "memory": "1Gi"
                            },
                            "requests": {}
                          }
                        ],
                        "working_dir": ""
                      }
                    ],
                    "service_account_name": "",
                    "serving_state": "",
                    "timeout_seconds": 60
                  }
                ]
              }
            ],
            "timeouts": null,
            "traffic": [
              {
                "latest_revision": true,
                "percent": 100,
                "revision_name": ""
              }
            ]
          },
          "sensitive_attributes": [],
          "private": "eyJlMmJmYjczMC1lY2FhLTExZTYtOGY4OC0zNDM2M2JjN2M0YzAiOnsiY3JlYXRlIjozNjAwMDAwMDAwMDAsImRlbGV0ZSI6MjQwMDAwMDAwMDAwLCJ1cGRhdGUiOjkwMDAwMDAwMDAwMH0sInNjaGVtYV92ZXJzaW9uIjoiMSJ9",
          "dependencies": [
            "google_project_service.run"
          ]
        }
      ]
    },
    {
      "mode": "managed",
      "type": "google_cloud_run_service_iam_member",
      "name": "allUsers",
      "provider": "provider[\"registry.terraform.io/hashicorp/google\"]",
      "instances": [
        {
          "index_key": "buildpack",
          "schema_version": 0,
          "attributes": {
            "condition": [],
            "etag": "BwW23HhKbeo=",
            "id": "v1/projects/kontaindotme/locations/us-central1/services/buildpack/roles/run.invoker/allusers",
            "location": "us-central1",
            "member": "allUsers",
            "project": "kontaindotme",
            "role": "roles/run.invoker",
            "service": "v1/projects/kontaindotme/locations/us-central1/services/buildpack"
          },
          "sensitive_attributes": [],
          "private": "bnVsbA==",
          "dependencies": [
            "google_cloud_run_service.services",
            "google_project_service.run"
          ]
        },
        {
          "index_key": "flatten",
          "schema_version": 0,
          "attributes": {
            "condition": [],
            "etag": "BwW23LzCBoA=",
            "id": "v1/projects/kontaindotme/locations/us-central1/services/flatten/roles/run.invoker/allusers",
            "location": "us-central1",
            "member": "allUsers",
            "project": "kontaindotme",
            "role": "roles/run.invoker",
            "service": "v1/projects/kontaindotme/locations/us-central1/services/flatten"
          },
          "sensitive_attributes": [],
          "private": "bnVsbA==",
          "dependencies": [
            "google_cloud_run_service.services",
            "google_project_service.run"
          ]
        },
        {
          "index_key": "kaniko",
          "schema_version": 0,
          "attributes": {
            "condition": [],
            "etag": "BwW3FxqbVAo=",
            "id": "v1/projects/kontaindotme/locations/us-central1/services/kaniko/roles/run.invoker/allusers",
            "location": "us-central1",
            "member": "allUsers",
            "project": "kontaindotme",
            "role": "roles/run.invoker",
            "service": "v1/projects/kontaindotme/locations/us-central1/services/kaniko"
          },
          "sensitive_attributes": [],
          "private": "bnVsbA==",
          "dependencies": [
            "google_cloud_run_service.services",
            "google_project_service.run"
          ]
        },
        {
          "index_key": "ko",
          "schema_version": 0,
          "attributes": {
            "condition": [],
            "etag": "BwW23MnpyhU=",
            "id": "v1/projects/kontaindotme/locations/us-central1/services/ko/roles/run.invoker/allusers",
            "location": "us-central1",
            "member": "allUsers",
            "project": "kontaindotme",
            "role": "roles/run.invoker",
            "service": "v1/projects/kontaindotme/locations/us-central1/services/ko"
          },
          "sensitive_attributes": [],
          "private": "bnVsbA==",
          "dependencies": [
            "google_cloud_run_service.services",
            "google_project_service.run"
          ]
        },
        {
          "index_key": "mirror",
          "schema_version": 0,
          "attributes": {
            "condition": [],
            "etag": "BwW6ZBOtOjk=",
            "id": "v1/projects/kontaindotme/locations/us-central1/services/mirror/roles/run.invoker/allusers",
            "location": "us-central1",
            "member": "allUsers",
            "project": "kontaindotme",
            "role": "roles/run.invoker",
            "service": "v1/projects/kontaindotme/locations/us-central1/services/mirror"
          },
          "sensitive_attributes": [],
          "private": "bnVsbA==",
          "dependencies": [
            "google_cloud_run_service.services",
            "google_project_service.run"
          ]
        },
        {
          "index_key": "random",
          "schema_version": 0,
          "attributes": {
            "condition": [],
            "etag": "BwW6ZBOrppg=",
            "id": "v1/projects/kontaindotme/locations/us-central1/services/random/roles/run.invoker/allusers",
            "location": "us-central1",
            "member": "allUsers",
            "project": "kontaindotme",
            "role": "roles/run.invoker",
            "service": "v1/projects/kontaindotme/locations/us-central1/services/random"
          },
          "sensitive_attributes": [],
          "private": "bnVsbA==",
          "dependencies": [
            "google_cloud_run_service.services",
            "google_project_service.run"
          ]
        },
        {
          "index_key": "viz",
          "schema_version": 0,
          "attributes": {
            "condition": [],
            "etag": "BwW23MnpzEI=",
            "id": "v1/projects/kontaindotme/locations/us-central1/services/viz/roles/run.invoker/allusers",
            "location": "us-central1",
            "member": "allUsers",
            "project": "kontaindotme",
            "role": "roles/run.invoker",
            "service": "v1/projects/kontaindotme/locations/us-central1/services/viz"
          },
          "sensitive_attributes": [],
          "private": "bnVsbA==",
          "dependencies": [
            "google_cloud_run_service.services",
            "google_project_service.run"
          ]
        },
        {
          "index_key": "wait",
          "schema_version": 0,
          "attributes": {
            "condition": [],
            "etag": "BwW3xxCmW/E=",
            "id": "v1/projects/kontaindotme/locations/us-central1/services/wait/roles/run.invoker/allusers",
            "location": "us-central1",
            "member": "allUsers",
            "project": "kontaindotme",
            "role": "roles/run.invoker",
            "service": "v1/projects/kontaindotme/locations/us-central1/services/wait"
          },
          "sensitive_attributes": [],
          "private": "bnVsbA==",
          "dependencies": [
            "google_cloud_run_service.services",
            "google_project_service.run"
          ]
        }
      ]
    },
    {
      "mode": "managed",
      "type": "google_cloud_tasks_queue",
      "name": "wait-queue",
      "provider": "provider[\"registry.terraform.io/hashicorp/google\"]",
      "instances": [
        {
          "schema_version": 0,
          "attributes": {
            "app_engine_routing_override": [],
            "id": "projects/kontaindotme/locations/us-central1/queues/wait-queue",
            "location": "us-central1",
            "name": "wait-queue",
            "project": "kontaindotme",
            "rate_limits": [
              {
                "max_burst_size": 100,
                "max_concurrent_dispatches": 1000,
                "max_dispatches_per_second": 500
              }
            ],
            "retry_config": [
              {
                "max_attempts": 100,
                "max_backoff": "3600s",
                "max_doublings": 16,
                "max_retry_duration": "",
                "min_backoff": "0.100s"
              }
            ],
            "stackdriver_logging_config": [],
            "timeouts": null
          },
          "sensitive_attributes": [],
          "private": "eyJlMmJmYjczMC1lY2FhLTExZTYtOGY4OC0zNDM2M2JjN2M0YzAiOnsiY3JlYXRlIjoyNDAwMDAwMDAwMDAsImRlbGV0ZSI6MjQwMDAwMDAwMDAwLCJ1cGRhdGUiOjI0MDAwMDAwMDAwMH19",
          "dependencies": [
            "google_app_engine_application.app",
            "google_project_service.cloudtasks"
          ]
        }
      ]
    },
    {
      "mode": "managed",
      "type": "google_project_service",
      "name": "cloudtasks",
      "provider": "provider[\"registry.terraform.io/hashicorp/google\"]",
      "instances": [
        {
          "schema_version": 0,
          "attributes": {
            "disable_dependent_services": null,
            "disable_on_destroy": true,
            "id": "kontaindotme/cloudtasks.googleapis.com",
            "project": "kontaindotme",
            "service": "cloudtasks.googleapis.com",
            "timeouts": null
          },
          "sensitive_attributes": [],
          "private": "eyJlMmJmYjczMC1lY2FhLTExZTYtOGY4OC0zNDM2M2JjN2M0YzAiOnsiY3JlYXRlIjoxMjAwMDAwMDAwMDAwLCJkZWxldGUiOjEyMDAwMDAwMDAwMDAsInJlYWQiOjYwMDAwMDAwMDAwMCwidXBkYXRlIjoxMjAwMDAwMDAwMDAwfX0="
        }
      ]
    },
    {
      "mode": "managed",
      "type": "google_project_service",
      "name": "datastore",
      "provider": "provider[\"registry.terraform.io/hashicorp/google\"]",
      "instances": [
        {
          "schema_version": 0,
          "attributes": {
            "disable_dependent_services": null,
            "disable_on_destroy": true,
            "id": "kontaindotme/datastore.googleapis.com",
            "project": "kontaindotme",
            "service": "datastore.googleapis.com",
            "timeouts": null
          },
          "sensitive_attributes": []
        }
      ]
    },
    {
      "mode": "managed",
      "type": "google_project_service",
      "name": "run",
      "provider": "provider[\"registry.terraform.io/hashicorp/google\"]",
      "instances": [
        {
          "schema_version": 0,
          "attributes": {
            "disable_dependent_services": null,
            "disable_on_destroy": true,
            "id": "kontaindotme/run.googleapis.com",
            "project": "kontaindotme",
            "service": "run.googleapis.com",
            "timeouts": null
          },
          "sensitive_attributes": [],
          "private": "eyJlMmJmYjczMC1lY2FhLTExZTYtOGY4OC0zNDM2M2JjN2M0YzAiOnsiY3JlYXRlIjoxMjAwMDAwMDAwMDAwLCJkZWxldGUiOjEyMDAwMDAwMDAwMDAsInJlYWQiOjYwMDAwMDAwMDAwMCwidXBkYXRlIjoxMjAwMDAwMDAwMDAwfX0="
        }
      ]
    },
    {
      "mode": "managed",
      "type": "google_storage_bucket",
      "name": "bucket",
      "provider": "provider[\"registry.terraform.io/hashicorp/google\"]",
      "instances": [
        {
          "schema_version": 0,
          "attributes": {
            "bucket_policy_only": false,
            "cors": [],
            "default_event_based_hold": false,
            "encryption": [],
            "force_destroy": false,
            "id": "kontaindotme",
            "labels": {},
            "lifecycle_rule": [
              {
                "action": [
                  {
                    "storage_class": "",
                    "type": "Delete"
                  }
                ],
                "condition": [
                  {
                    "age": 1,
                    "created_before": "",
                    "custom_time_before": "",
                    "days_since_custom_time": 0,
                    "days_since_noncurrent_time": 0,
                    "matches_storage_class": [],
                    "noncurrent_time_before": "",
                    "num_newer_versions": 0,
                    "with_state": "ANY"
                  }
                ]
              }
            ],
            "location": "US",
            "logging": [],
            "name": "kontaindotme",
            "project": "kontaindotme",
            "requester_pays": false,
            "retention_policy": [],
            "self_link": "https://www.googleapis.com/storage/v1/b/kontaindotme",
            "storage_class": "STANDARD",
            "uniform_bucket_level_access": false,
            "url": "gs://kontaindotme",
            "versioning": [],
            "website": []
          },
          "sensitive_attributes": [],
          "private": "bnVsbA=="
        }
      ]
    }
  ]
}
