{
  "version": 4,
  "terraform_version": "0.13.5",
  "serial": 295,
  "lineage": "98bd48ac-f11e-080d-8858-7eeab1503835",
  "outputs": {
    "services": {
      "value": {
        "buildpack": "https://buildpack-jdvoki277a-uc.a.run.app",
        "flatten": "https://flatten-jdvoki277a-uc.a.run.app",
        "kaniko": "https://kaniko-jdvoki277a-uc.a.run.app",
        "ko": "https://ko-jdvoki277a-uc.a.run.app",
        "mirror": "https://mirror-jdvoki277a-uc.a.run.app",
        "random": "https://random-jdvoki277a-uc.a.run.app",
        "viz": "https://viz-jdvoki277a-uc.a.run.app",
        "wait": "https://wait-jdvoki277a-uc.a.run.app"
      },
      "type": [
        "object",
        {
          "buildpack": "string",
          "flatten": "string",
          "kaniko": "string",
          "ko": "string",
          "mirror": "string",
          "random": "string",
          "viz": "string",
          "wait": "string"
        }
      ]
    }
  },
  "resources": [
    {
      "mode": "managed",
      "type": "google_app_engine_application",
      "name": "app",
      "provider": "provider[\"registry.terraform.io/hashicorp/google\"]",
      "instances": [
        {
          "schema_version": 0,
          "attributes": {
            "app_id": "kontaindotme",
            "auth_domain": "gmail.com",
            "code_bucket": "staging.kontaindotme.appspot.com",
            "database_type": "CLOUD_DATASTORE_COMPATIBILITY",
            "default_bucket": "kontaindotme.appspot.com",
            "default_hostname": "kontaindotme.uc.r.appspot.com",
            "feature_settings": [
              {
                "split_health_checks": true
              }
            ],
            "gcr_domain": "us.gcr.io",
            "iap": [],
            "id": "kontaindotme",
            "location_id": "us-central",
            "name": "apps/kontaindotme",
            "project": "kontaindotme",
            "serving_status": "SERVING",
            "timeouts": null,
            "url_dispatch_rule": []
          },
          "private": "eyJlMmJmYjczMC1lY2FhLTExZTYtOGY4OC0zNDM2M2JjN2M0YzAiOnsiY3JlYXRlIjoyNDAwMDAwMDAwMDAsInVwZGF0ZSI6MjQwMDAwMDAwMDAwfX0="
        }
      ]
    },
    {
      "mode": "managed",
      "type": "google_cloud_run_service",
      "name": "services",
      "provider": "provider[\"registry.terraform.io/hashicorp/google\"]",
      "instances": [
        {
          "index_key": "buildpack",
          "schema_version": 1,
          "attributes": {
            "autogenerate_revision_name": false,
            "id": "locations/us-central1/namespaces/kontaindotme/services/buildpack",
            "location": "us-central1",
            "metadata": [
              {
                "annotations": {
                  "run.googleapis.com/ingress": "all",
                  "run.googleapis.com/ingress-status": "all",
                  "serving.knative.dev/creator": "imjasonh@gmail.com",
                  "serving.knative.dev/lastModifier": "imjasonh@gmail.com"
                },
                "generation": 28,
                "labels": {
                  "cloud.googleapis.com/location": "us-central1"
                },
                "namespace": "kontaindotme",
                "resource_version": "AAW48fCC1H0",
                "self_link": "/apis/serving.knative.dev/v1/namespaces/7577580991/services/buildpack",
                "uid": "e9472550-54a4-42e2-9e0b-62672e9955d9"
              }
            ],
            "name": "buildpack",
            "project": "kontaindotme",
            "status": [
              {
                "conditions": [
                  {
                    "message": "",
                    "reason": "",
                    "status": "True",
                    "type": "Ready"
                  },
                  {
                    "message": "",
                    "reason": "",
                    "status": "True",
                    "type": "ConfigurationsReady"
                  },
                  {
                    "message": "",
                    "reason": "",
                    "status": "True",
                    "type": "RoutesReady"
                  }
                ],
                "latest_created_revision_name": "buildpack-sj49m",
                "latest_ready_revision_name": "buildpack-sj49m",
                "observed_generation": 28,
                "url": "https://buildpack-jdvoki277a-uc.a.run.app"
              }
            ],
            "template": [
              {
                "metadata": [
                  {
                    "annotations": {
                      "autoscaling.knative.dev/maxScale": "1000"
                    },
                    "generation": 0,
                    "labels": {},
                    "name": "",
                    "namespace": "",
                    "resource_version": "",
                    "self_link": "",
                    "uid": ""
                  }
                ],
                "spec": [
                  {
                    "container_concurrency": 80,
                    "containers": [
                      {
                        "args": [],
                        "command": [],
                        "env": [
                          {
                            "name": "BUCKET",
                            "value": "kontaindotme"
                          }
                        ],
                        "env_from": [],
                        "image": "gcr.io/kontaindotme/github.com/imjasonh/kontain.me/cmd/buildpack@sha256:4c33d3c1b8bee74443f1b646cb271c319bf809c6ba5a3594e4e1b31835994e12",
                        "ports": [
                          {
                            "container_port": 8080,
                            "name": "",
                            "protocol": ""
                          }
                        ],
                        "resources": [
                          {
                            "limits": {
                              "cpu": "2",
                              "memory": "4Gi"
                            },
                            "requests": {}
                          }
                        ],
                        "working_dir": ""
                      }
                    ],
                    "service_account_name": "",
                    "serving_state": "",
                    "timeout_seconds": 900
                  }
                ]
              }
            ],
            "timeouts": null,
            "traffic": [
              {
                "latest_revision": true,
                "percent": 100,
                "revision_name": ""
              }
            ]
          },
          "private": "eyJlMmJmYjczMC1lY2FhLTExZTYtOGY4OC0zNDM2M2JjN2M0YzAiOnsiY3JlYXRlIjozNjAwMDAwMDAwMDAsImRlbGV0ZSI6MjQwMDAwMDAwMDAwLCJ1cGRhdGUiOjkwMDAwMDAwMDAwMH0sInNjaGVtYV92ZXJzaW9uIjoiMSJ9",
          "dependencies": [
            "google_project_service.run"
          ]
        },
        {
          "index_key": "flatten",
          "schema_version": 1,
          "attributes": {
            "autogenerate_revision_name": false,
            "id": "locations/us-central1/namespaces/kontaindotme/services/flatten",
            "location": "us-central1",
            "metadata": [
              {
                "annotations": {
                  "run.googleapis.com/ingress": "all",
                  "run.googleapis.com/ingress-status": "all",
                  "serving.knative.dev/creator": "imjasonh@gmail.com",
                  "serving.knative.dev/lastModifier": "imjasonh@gmail.com"
                },
                "generation": 28,
                "labels": {
                  "cloud.googleapis.com/location": "us-central1"
                },
                "namespace": "kontaindotme",
                "resource_version": "AAW48e/25oY",
                "self_link": "/apis/serving.knative.dev/v1/namespaces/7577580991/services/flatten",
                "uid": "18f23532-e3a6-45f8-9a25-1cdcf2d5eb2e"
              }
            ],
            "name": "flatten",
            "project": "kontaindotme",
            "status": [
              {
                "conditions": [
                  {
                    "message": "",
                    "reason": "",
                    "status": "True",
                    "type": "Ready"
                  },
                  {
                    "message": "",
                    "reason": "",
                    "status": "True",
                    "type": "ConfigurationsReady"
                  },
                  {
                    "message": "",
                    "reason": "",
                    "status": "True",
                    "type": "RoutesReady"
                  }
                ],
                "latest_created_revision_name": "flatten-5td6v",
                "latest_ready_revision_name": "flatten-5td6v",
                "observed_generation": 28,
                "url": "https://flatten-jdvoki277a-uc.a.run.app"
              }
            ],
            "template": [
              {
                "metadata": [
                  {
                    "annotations": {
                      "autoscaling.knative.dev/maxScale": "1000"
                    },
                    "generation": 0,
                    "labels": {},
                    "name": "",
                    "namespace": "",
                    "resource_version": "",
                    "self_link": "",
                    "uid": ""
                  }
                ],
                "spec": [
                  {
                    "container_concurrency": 80,
                    "containers": [
                      {
                        "args": [],
                        "command": [],
                        "env": [
                          {
                            "name": "BUCKET",
                            "value": "kontaindotme"
                          }
                        ],
                        "env_from": [],
                        "image": "gcr.io/kontaindotme/github.com/imjasonh/kontain.me/cmd/flatten@sha256:2376de3a2ce6945cb883f443098e7da5e283f35f9f9d61ea3d398b07065ab30f",
                        "ports": [
                          {
                            "container_port": 8080,
                            "name": "",
                            "protocol": ""
                          }
                        ],
                        "resources": [
                          {
                            "limits": {
                              "cpu": "1",
                              "memory": "1Gi"
                            },
                            "requests": {}
                          }
                        ],
                        "working_dir": ""
                      }
                    ],
                    "service_account_name": "",
                    "serving_state": "",
                    "timeout_seconds": 120
                  }
                ]
              }
            ],
            "timeouts": null,
            "traffic": [
              {
                "latest_revision": true,
                "percent": 100,
                "revision_name": ""
              }
            ]
          },
          "private": "eyJlMmJmYjczMC1lY2FhLTExZTYtOGY4OC0zNDM2M2JjN2M0YzAiOnsiY3JlYXRlIjozNjAwMDAwMDAwMDAsImRlbGV0ZSI6MjQwMDAwMDAwMDAwLCJ1cGRhdGUiOjkwMDAwMDAwMDAwMH0sInNjaGVtYV92ZXJzaW9uIjoiMSJ9",
          "dependencies": [
            "google_project_service.run"
          ]
        },
        {
          "index_key": "kaniko",
          "schema_version": 1,
          "attributes": {
            "autogenerate_revision_name": false,
            "id": "locations/us-central1/namespaces/kontaindotme/services/kaniko",
            "location": "us-central1",
            "metadata": [
              {
                "annotations": {
                  "run.googleapis.com/ingress": "all",
                  "run.googleapis.com/ingress-status": "all",
                  "serving.knative.dev/creator": "imjasonh@gmail.com",
                  "serving.knative.dev/lastModifier": "imjasonh@gmail.com"
                },
                "generation": 34,
                "labels": {
                  "cloud.googleapis.com/location": "us-central1"
                },
                "namespace": "kontaindotme",
                "resource_version": "AAW48fDppN4",
                "self_link": "/apis/serving.knative.dev/v1/namespaces/7577580991/services/kaniko",
                "uid": "31f7d7d4-112a-41f6-9a68-eccaa11fae10"
              }
            ],
            "name": "kaniko",
            "project": "kontaindotme",
            "status": [
              {
                "conditions": [
                  {
                    "message": "",
                    "reason": "",
                    "status": "True",
                    "type": "Ready"
                  },
                  {
                    "message": "",
                    "reason": "",
                    "status": "True",
                    "type": "ConfigurationsReady"
                  },
                  {
                    "message": "",
                    "reason": "",
                    "status": "True",
                    "type": "RoutesReady"
                  }
                ],
                "latest_created_revision_name": "kaniko-vbqjk",
                "latest_ready_revision_name": "kaniko-vbqjk",
                "observed_generation": 34,
                "url": "https://kaniko-jdvoki277a-uc.a.run.app"
              }
            ],
            "template": [
              {
                "metadata": [
                  {
                    "annotations": {
                      "autoscaling.knative.dev/maxScale": "1000"
                    },
                    "generation": 0,
                    "labels": {},
                    "name": "",
                    "namespace": "",
                    "resource_version": "",
                    "self_link": "",
                    "uid": ""
                  }
                ],
                "spec": [
                  {
                    "container_concurrency": 80,
                    "containers": [
                      {
                        "args": [],
                        "command": [],
                        "env": [
                          {
                            "name": "BUCKET",
                            "value": "kontaindotme"
                          }
                        ],
                        "env_from": [],
                        "image": "gcr.io/kontaindotme/github.com/imjasonh/kontain.me/cmd/kaniko@sha256:e7e466b058e7dd415b3e15d8493cbeebb83c1716dec112692cf341eaedf9043a",
                        "ports": [
                          {
                            "container_port": 8080,
                            "name": "",
                            "protocol": ""
                          }
                        ],
                        "resources": [
                          {
                            "limits": {
                              "cpu": "2",
                              "memory": "4Gi"
                            },
                            "requests": {}
                          }
                        ],
                        "working_dir": ""
                      }
                    ],
                    "service_account_name": "",
                    "serving_state": "",
                    "timeout_seconds": 900
                  }
                ]
              }
            ],
            "timeouts": null,
            "traffic": [
              {
                "latest_revision": true,
                "percent": 100,
                "revision_name": ""
              }
            ]
          },
          "private": "eyJlMmJmYjczMC1lY2FhLTExZTYtOGY4OC0zNDM2M2JjN2M0YzAiOnsiY3JlYXRlIjozNjAwMDAwMDAwMDAsImRlbGV0ZSI6MjQwMDAwMDAwMDAwLCJ1cGRhdGUiOjkwMDAwMDAwMDAwMH0sInNjaGVtYV92ZXJzaW9uIjoiMSJ9",
          "dependencies": [
            "google_project_service.run"
          ]
        },
        {
          "index_key": "ko",
          "schema_version": 1,
          "attributes": {
            "autogenerate_revision_name": false,
            "id": "locations/us-central1/namespaces/kontaindotme/services/ko",
            "location": "us-central1",
            "metadata": [
              {
                "annotations": {
                  "run.googleapis.com/ingress": "all",
                  "run.googleapis.com/ingress-status": "all",
                  "serving.knative.dev/creator": "imjasonh@gmail.com",
                  "serving.knative.dev/lastModifier": "imjasonh@gmail.com"
                },
                "generation": 22,
                "labels": {
                  "cloud.googleapis.com/location": "us-central1"
                },
                "namespace": "kontaindotme",
                "resource_version": "AAW48e/gEyg",
                "self_link": "/apis/serving.knative.dev/v1/namespaces/7577580991/services/ko",
                "uid": "b7f2d9db-7e36-4502-9b5b-caf16e131593"
              }
            ],
            "name": "ko",
            "project": "kontaindotme",
            "status": [
              {
                "conditions": [
                  {
                    "message": "",
                    "reason": "",
                    "status": "True",
                    "type": "Ready"
                  },
                  {
                    "message": "",
                    "reason": "",
                    "status": "True",
                    "type": "ConfigurationsReady"
                  },
                  {
                    "message": "",
                    "reason": "",
                    "status": "True",
                    "type": "RoutesReady"
                  }
                ],
                "latest_created_revision_name": "ko-xzxbl",
                "latest_ready_revision_name": "ko-xzxbl",
                "observed_generation": 22,
                "url": "https://ko-jdvoki277a-uc.a.run.app"
              }
            ],
            "template": [
              {
                "metadata": [
                  {
                    "annotations": {
                      "autoscaling.knative.dev/maxScale": "1000"
                    },
                    "generation": 0,
                    "labels": {},
                    "name": "",
                    "namespace": "",
                    "resource_version": "",
                    "self_link": "",
                    "uid": ""
                  }
                ],
                "spec": [
                  {
                    "container_concurrency": 80,
                    "containers": [
                      {
                        "args": [],
                        "command": [],
                        "env": [
                          {
                            "name": "BUCKET",
                            "value": "kontaindotme"
                          }
                        ],
                        "env_from": [],
                        "image": "gcr.io/kontaindotme/github.com/imjasonh/kontain.me/cmd/ko@sha256:819e0b2089f9477ceda7777f2fac4ec777a29994526baa9201b137ea9ff4497e",
                        "ports": [
                          {
                            "container_port": 8080,
                            "name": "",
                            "protocol": ""
                          }
                        ],
                        "resources": [
                          {
                            "limits": {
                              "cpu": "2",
                              "memory": "4Gi"
                            },
                            "requests": {}
                          }
                        ],
                        "working_dir": ""
                      }
                    ],
                    "service_account_name": "",
                    "serving_state": "",
                    "timeout_seconds": 900
                  }
                ]
              }
            ],
            "timeouts": null,
            "traffic": [
              {
                "latest_revision": true,
                "percent": 100,
                "revision_name": ""
              }
            ]
          },
          "private": "eyJlMmJmYjczMC1lY2FhLTExZTYtOGY4OC0zNDM2M2JjN2M0YzAiOnsiY3JlYXRlIjozNjAwMDAwMDAwMDAsImRlbGV0ZSI6MjQwMDAwMDAwMDAwLCJ1cGRhdGUiOjkwMDAwMDAwMDAwMH0sInNjaGVtYV92ZXJzaW9uIjoiMSJ9",
          "dependencies": [
            "google_project_service.run"
          ]
        },
        {
          "index_key": "mirror",
          "schema_version": 1,
          "attributes": {
            "autogenerate_revision_name": false,
            "id": "locations/us-central1/namespaces/kontaindotme/services/mirror",
            "location": "us-central1",
            "metadata": [
              {
                "annotations": {
                  "run.googleapis.com/ingress": "all",
                  "run.googleapis.com/ingress-status": "all",
                  "serving.knative.dev/creator": "imjasonh@gmail.com",
                  "serving.knative.dev/lastModifier": "imjasonh@gmail.com"
                },
                "generation": 21,
                "labels": {
                  "cloud.googleapis.com/location": "us-central1"
                },
                "namespace": "kontaindotme",
                "resource_version": "AAW48enZAJc",
                "self_link": "/apis/serving.knative.dev/v1/namespaces/7577580991/services/mirror",
                "uid": "bbc61f25-2adc-4384-8162-c94b7db07789"
              }
            ],
            "name": "mirror",
            "project": "kontaindotme",
            "status": [
              {
                "conditions": [
                  {
                    "message": "",
                    "reason": "",
                    "status": "True",
                    "type": "Ready"
                  },
                  {
                    "message": "",
                    "reason": "",
                    "status": "True",
                    "type": "ConfigurationsReady"
                  },
                  {
                    "message": "",
                    "reason": "",
                    "status": "True",
                    "type": "RoutesReady"
                  }
                ],
                "latest_created_revision_name": "mirror-7w4dl",
                "latest_ready_revision_name": "mirror-7w4dl",
                "observed_generation": 21,
                "url": "https://mirror-jdvoki277a-uc.a.run.app"
              }
            ],
            "template": [
              {
                "metadata": [
                  {
                    "annotations": {
                      "autoscaling.knative.dev/maxScale": "1000"
                    },
                    "generation": 0,
                    "labels": {},
                    "name": "",
                    "namespace": "",
                    "resource_version": "",
                    "self_link": "",
                    "uid": ""
                  }
                ],
                "spec": [
                  {
                    "container_concurrency": 80,
                    "containers": [
                      {
                        "args": [],
                        "command": [],
                        "env": [
                          {
                            "name": "BUCKET",
                            "value": "kontaindotme"
                          }
                        ],
                        "env_from": [],
                        "image": "gcr.io/kontaindotme/github.com/imjasonh/kontain.me/cmd/mirror@sha256:60c09980ca2d80f418499cd8e9e7827659477dc69d2cc08815778df7fdf0f922",
                        "ports": [
                          {
                            "container_port": 8080,
                            "name": "",
                            "protocol": ""
                          }
                        ],
                        "resources": [
                          {
                            "limits": {
                              "cpu": "1",
                              "memory": "1Gi"
                            },
                            "requests": {}
                          }
                        ],
                        "working_dir": ""
                      }
                    ],
                    "service_account_name": "",
                    "serving_state": "",
                    "timeout_seconds": 60
                  }
                ]
              }
            ],
            "timeouts": null,
            "traffic": [
              {
                "latest_revision": true,
                "percent": 100,
                "revision_name": ""
              }
            ]
          },
          "private": "eyJlMmJmYjczMC1lY2FhLTExZTYtOGY4OC0zNDM2M2JjN2M0YzAiOnsiY3JlYXRlIjozNjAwMDAwMDAwMDAsImRlbGV0ZSI6MjQwMDAwMDAwMDAwLCJ1cGRhdGUiOjkwMDAwMDAwMDAwMH0sInNjaGVtYV92ZXJzaW9uIjoiMSJ9",
          "dependencies": [
            "google_project_service.run"
          ]
        },
        {
          "index_key": "random",
          "schema_version": 1,
          "attributes": {
            "autogenerate_revision_name": false,
            "id": "locations/us-central1/namespaces/kontaindotme/services/random",
            "location": "us-central1",
            "metadata": [
              {
                "annotations": {
                  "run.googleapis.com/ingress": "all",
                  "run.googleapis.com/ingress-status": "all",
                  "serving.knative.dev/creator": "imjasonh@gmail.com",
                  "serving.knative.dev/lastModifier": "imjasonh@gmail.com"
                },
                "generation": 20,
                "labels": {
                  "cloud.googleapis.com/location": "us-central1"
                },
                "namespace": "kontaindotme",
                "resource_version": "AAW48e/pDJQ",
                "self_link": "/apis/serving.knative.dev/v1/namespaces/7577580991/services/random",
                "uid": "21f8bba1-f246-443e-8cf6-76b452f905e1"
              }
            ],
            "name": "random",
            "project": "kontaindotme",
            "status": [
              {
                "conditions": [
                  {
                    "message": "",
                    "reason": "",
                    "status": "True",
                    "type": "Ready"
                  },
                  {
                    "message": "",
                    "reason": "",
                    "status": "True",
                    "type": "ConfigurationsReady"
                  },
                  {
                    "message": "",
                    "reason": "",
                    "status": "True",
                    "type": "RoutesReady"
                  }
                ],
                "latest_created_revision_name": "random-lbzh7",
                "latest_ready_revision_name": "random-lbzh7",
                "observed_generation": 20,
                "url": "https://random-jdvoki277a-uc.a.run.app"
              }
            ],
            "template": [
              {
                "metadata": [
                  {
                    "annotations": {
                      "autoscaling.knative.dev/maxScale": "1000"
                    },
                    "generation": 0,
                    "labels": {},
                    "name": "",
                    "namespace": "",
                    "resource_version": "",
                    "self_link": "",
                    "uid": ""
                  }
                ],
                "spec": [
                  {
                    "container_concurrency": 80,
                    "containers": [
                      {
                        "args": [],
                        "command": [],
                        "env": [
                          {
                            "name": "BUCKET",
                            "value": "kontaindotme"
                          }
                        ],
                        "env_from": [],
                        "image": "gcr.io/kontaindotme/github.com/imjasonh/kontain.me/cmd/random@sha256:ff9c30e03c219007d4adfff446c0b371a9edefb749700d6b8a41aa2180ee8c9b",
                        "ports": [
                          {
                            "container_port": 8080,
                            "name": "",
                            "protocol": ""
                          }
                        ],
                        "resources": [
                          {
                            "limits": {
                              "cpu": "1",
                              "memory": "1Gi"
                            },
                            "requests": {}
                          }
                        ],
                        "working_dir": ""
                      }
                    ],
                    "service_account_name": "",
                    "serving_state": "",
                    "timeout_seconds": 60
                  }
                ]
              }
            ],
            "timeouts": null,
            "traffic": [
              {
                "latest_revision": true,
                "percent": 100,
                "revision_name": ""
              }
            ]
          },
          "private": "eyJlMmJmYjczMC1lY2FhLTExZTYtOGY4OC0zNDM2M2JjN2M0YzAiOnsiY3JlYXRlIjozNjAwMDAwMDAwMDAsImRlbGV0ZSI6MjQwMDAwMDAwMDAwLCJ1cGRhdGUiOjkwMDAwMDAwMDAwMH0sInNjaGVtYV92ZXJzaW9uIjoiMSJ9",
          "dependencies": [
            "google_project_service.run"
          ]
        },
        {
          "index_key": "viz",
          "schema_version": 1,
          "attributes": {
            "autogenerate_revision_name": false,
            "id": "locations/us-central1/namespaces/kontaindotme/services/viz",
            "location": "us-central1",
            "metadata": [
              {
                "annotations": {
                  "run.googleapis.com/ingress": "all",
                  "run.googleapis.com/ingress-status": "all",
                  "serving.knative.dev/creator": "imjasonh@gmail.com",
                  "serving.knative.dev/lastModifier": "imjasonh@gmail.com"
                },
                "generation": 8,
                "labels": {
                  "cloud.googleapis.com/location": "us-central1"
                },
                "namespace": "kontaindotme",
                "resource_version": "AAW48fG+RTs",
                "self_link": "/apis/serving.knative.dev/v1/namespaces/7577580991/services/viz",
                "uid": "68575159-ca57-4cc4-a275-cb88ba98ef7c"
              }
            ],
            "name": "viz",
            "project": "kontaindotme",
            "status": [
              {
                "conditions": [
                  {
                    "message": "",
                    "reason": "",
                    "status": "True",
                    "type": "Ready"
                  },
                  {
                    "message": "",
                    "reason": "",
                    "status": "True",
                    "type": "ConfigurationsReady"
                  },
                  {
                    "message": "",
                    "reason": "",
                    "status": "True",
                    "type": "RoutesReady"
                  }
                ],
                "latest_created_revision_name": "viz-blgmt",
                "latest_ready_revision_name": "viz-blgmt",
                "observed_generation": 8,
                "url": "https://viz-jdvoki277a-uc.a.run.app"
              }
            ],
            "template": [
              {
                "metadata": [
                  {
                    "annotations": {
                      "autoscaling.knative.dev/maxScale": "1000"
                    },
                    "generation": 0,
                    "labels": {},
                    "name": "",
                    "namespace": "",
                    "resource_version": "",
                    "self_link": "",
                    "uid": ""
                  }
                ],
                "spec": [
                  {
                    "container_concurrency": 80,
                    "containers": [
                      {
                        "args": [],
                        "command": [],
                        "env": [
                          {
                            "name": "BUCKET",
                            "value": "kontaindotme"
                          }
                        ],
                        "env_from": [],
                        "image": "gcr.io/kontaindotme/github.com/imjasonh/kontain.me/cmd/viz@sha256:d6720353c623b827791c8ed0e9dde03340586c3d5489132ab8724a1e6bb6bec4",
                        "ports": [
                          {
                            "container_port": 8080,
                            "name": "",
                            "protocol": ""
                          }
                        ],
                        "resources": [
                          {
                            "limits": {
                              "cpu": "1",
                              "memory": "1Gi"
                            },
                            "requests": {}
                          }
                        ],
                        "working_dir": ""
                      }
                    ],
                    "service_account_name": "",
                    "serving_state": "",
                    "timeout_seconds": 60
                  }
                ]
              }
            ],
            "timeouts": null,
            "traffic": [
              {
                "latest_revision": true,
                "percent": 100,
                "revision_name": ""
              }
            ]
          },
          "private": "eyJlMmJmYjczMC1lY2FhLTExZTYtOGY4OC0zNDM2M2JjN2M0YzAiOnsiY3JlYXRlIjozNjAwMDAwMDAwMDAsImRlbGV0ZSI6MjQwMDAwMDAwMDAwLCJ1cGRhdGUiOjkwMDAwMDAwMDAwMH0sInNjaGVtYV92ZXJzaW9uIjoiMSJ9",
          "dependencies": [
            "google_project_service.run"
          ]
        },
        {
          "index_key": "wait",
          "schema_version": 1,
          "attributes": {
            "autogenerate_revision_name": false,
            "id": "locations/us-central1/namespaces/kontaindotme/services/wait",
            "location": "us-central1",
            "metadata": [
              {
                "annotations": {
                  "run.googleapis.com/ingress": "all",
                  "run.googleapis.com/ingress-status": "all",
                  "serving.knative.dev/creator": "imjasonh@gmail.com",
                  "serving.knative.dev/lastModifier": "imjasonh@gmail.com"
                },
                "generation": 21,
                "labels": {
                  "cloud.googleapis.com/location": "us-central1"
                },
                "namespace": "kontaindotme",
                "resource_version": "AAW48fH/Wy0",
                "self_link": "/apis/serving.knative.dev/v1/namespaces/7577580991/services/wait",
                "uid": "0c117440-6864-41e7-9f78-8c7172794bf3"
              }
            ],
            "name": "wait",
            "project": "kontaindotme",
            "status": [
              {
                "conditions": [
                  {
                    "message": "",
                    "reason": "",
                    "status": "True",
                    "type": "Ready"
                  },
                  {
                    "message": "",
                    "reason": "",
                    "status": "True",
                    "type": "ConfigurationsReady"
                  },
                  {
                    "message": "",
                    "reason": "",
                    "status": "True",
                    "type": "RoutesReady"
                  }
                ],
                "latest_created_revision_name": "wait-k27nf",
                "latest_ready_revision_name": "wait-k27nf",
                "observed_generation": 21,
                "url": "https://wait-jdvoki277a-uc.a.run.app"
              }
            ],
            "template": [
              {
                "metadata": [
                  {
                    "annotations": {
                      "autoscaling.knative.dev/maxScale": "1000"
                    },
                    "generation": 0,
                    "labels": {},
                    "name": "",
                    "namespace": "",
                    "resource_version": "",
                    "self_link": "",
                    "uid": ""
                  }
                ],
                "spec": [
                  {
                    "container_concurrency": 80,
                    "containers": [
                      {
                        "args": [],
                        "command": [],
                        "env": [
                          {
                            "name": "BUCKET",
                            "value": "kontaindotme"
                          }
                        ],
                        "env_from": [],
                        "image": "gcr.io/kontaindotme/github.com/imjasonh/kontain.me/cmd/wait@sha256:aa47d7000f8d9bccbebb09ce71547eb3a1a7c01984b6e3324c7424a6e18d0ccf",
                        "ports": [
                          {
                            "container_port": 8080,
                            "name": "",
                            "protocol": ""
                          }
                        ],
                        "resources": [
                          {
                            "limits": {
                              "cpu": "1",
                              "memory": "1Gi"
                            },
                            "requests": {}
                          }
                        ],
                        "working_dir": ""
                      }
                    ],
                    "service_account_name": "",
                    "serving_state": "",
                    "timeout_seconds": 60
                  }
                ]
              }
            ],
            "timeouts": null,
            "traffic": [
              {
                "latest_revision": true,
                "percent": 100,
                "revision_name": ""
              }
            ]
          },
          "private": "eyJlMmJmYjczMC1lY2FhLTExZTYtOGY4OC0zNDM2M2JjN2M0YzAiOnsiY3JlYXRlIjozNjAwMDAwMDAwMDAsImRlbGV0ZSI6MjQwMDAwMDAwMDAwLCJ1cGRhdGUiOjkwMDAwMDAwMDAwMH0sInNjaGVtYV92ZXJzaW9uIjoiMSJ9",
          "dependencies": [
            "google_project_service.run"
          ]
        }
      ]
    },
    {
      "mode": "managed",
      "type": "google_cloud_run_service_iam_member",
      "name": "allUsers",
      "provider": "provider[\"registry.terraform.io/hashicorp/google\"]",
      "instances": [
        {
          "index_key": "buildpack",
          "schema_version": 0,
          "attributes": {
            "condition": [],
            "etag": "BwW23HhKbeo=",
            "id": "v1/projects/kontaindotme/locations/us-central1/services/buildpack/roles/run.invoker/allusers",
            "location": "us-central1",
            "member": "allUsers",
            "project": "kontaindotme",
            "role": "roles/run.invoker",
            "service": "v1/projects/kontaindotme/locations/us-central1/services/buildpack"
          },
          "private": "bnVsbA==",
          "dependencies": [
            "google_cloud_run_service.services",
            "google_project_service.run"
          ]
        },
        {
          "index_key": "flatten",
          "schema_version": 0,
          "attributes": {
            "condition": [],
            "etag": "BwW23LzCBoA=",
            "id": "v1/projects/kontaindotme/locations/us-central1/services/flatten/roles/run.invoker/allusers",
            "location": "us-central1",
            "member": "allUsers",
            "project": "kontaindotme",
            "role": "roles/run.invoker",
            "service": "v1/projects/kontaindotme/locations/us-central1/services/flatten"
          },
          "private": "bnVsbA==",
          "dependencies": [
            "google_cloud_run_service.services",
            "google_project_service.run"
          ]
        },
        {
          "index_key": "kaniko",
          "schema_version": 0,
          "attributes": {
            "condition": [],
            "etag": "BwW3FxqbVAo=",
            "id": "v1/projects/kontaindotme/locations/us-central1/services/kaniko/roles/run.invoker/allusers",
            "location": "us-central1",
            "member": "allUsers",
            "project": "kontaindotme",
            "role": "roles/run.invoker",
            "service": "v1/projects/kontaindotme/locations/us-central1/services/kaniko"
          },
          "private": "bnVsbA==",
          "dependencies": [
            "google_cloud_run_service.services",
            "google_project_service.run"
          ]
        },
        {
          "index_key": "ko",
          "schema_version": 0,
          "attributes": {
            "condition": [],
            "etag": "BwW23MnpyhU=",
            "id": "v1/projects/kontaindotme/locations/us-central1/services/ko/roles/run.invoker/allusers",
            "location": "us-central1",
            "member": "allUsers",
            "project": "kontaindotme",
            "role": "roles/run.invoker",
            "service": "v1/projects/kontaindotme/locations/us-central1/services/ko"
          },
          "private": "bnVsbA==",
          "dependencies": [
            "google_cloud_run_service.services",
            "google_project_service.run"
          ]
        },
        {
          "index_key": "mirror",
          "schema_version": 0,
          "attributes": {
            "condition": [],
            "etag": "BwW23Mnp8Fk=",
            "id": "v1/projects/kontaindotme/locations/us-central1/services/mirror/roles/run.invoker/allusers",
            "location": "us-central1",
            "member": "allUsers",
            "project": "kontaindotme",
            "role": "roles/run.invoker",
            "service": "v1/projects/kontaindotme/locations/us-central1/services/mirror"
          },
          "private": "bnVsbA==",
          "dependencies": [
            "google_cloud_run_service.services",
            "google_project_service.run"
          ]
        },
        {
          "index_key": "random",
          "schema_version": 0,
          "attributes": {
            "condition": [],
            "etag": "BwW23MnpzgI=",
            "id": "v1/projects/kontaindotme/locations/us-central1/services/random/roles/run.invoker/allusers",
            "location": "us-central1",
            "member": "allUsers",
            "project": "kontaindotme",
            "role": "roles/run.invoker",
            "service": "v1/projects/kontaindotme/locations/us-central1/services/random"
          },
          "private": "bnVsbA==",
          "dependencies": [
            "google_cloud_run_service.services",
            "google_project_service.run"
          ]
        },
        {
          "index_key": "viz",
          "schema_version": 0,
          "attributes": {
            "condition": [],
            "etag": "BwW23MnpzEI=",
            "id": "v1/projects/kontaindotme/locations/us-central1/services/viz/roles/run.invoker/allusers",
            "location": "us-central1",
            "member": "allUsers",
            "project": "kontaindotme",
            "role": "roles/run.invoker",
            "service": "v1/projects/kontaindotme/locations/us-central1/services/viz"
          },
          "private": "bnVsbA==",
          "dependencies": [
            "google_cloud_run_service.services",
            "google_project_service.run"
          ]
        },
        {
          "index_key": "wait",
          "schema_version": 0,
          "attributes": {
            "condition": [],
            "etag": "BwW3xxCmW/E=",
            "id": "v1/projects/kontaindotme/locations/us-central1/services/wait/roles/run.invoker/allusers",
            "location": "us-central1",
            "member": "allUsers",
            "project": "kontaindotme",
            "role": "roles/run.invoker",
            "service": "v1/projects/kontaindotme/locations/us-central1/services/wait"
          },
          "private": "bnVsbA==",
          "dependencies": [
            "google_cloud_run_service.services",
            "google_project_service.run"
          ]
        }
      ]
    },
    {
      "mode": "managed",
      "type": "google_cloud_tasks_queue",
      "name": "wait-queue",
      "provider": "provider[\"registry.terraform.io/hashicorp/google\"]",
      "instances": [
        {
          "schema_version": 0,
          "attributes": {
            "app_engine_routing_override": [],
            "id": "projects/kontaindotme/locations/us-central1/queues/wait-queue",
            "location": "us-central1",
            "name": "wait-queue",
            "project": "kontaindotme",
            "rate_limits": [
              {
                "max_burst_size": 100,
                "max_concurrent_dispatches": 1000,
                "max_dispatches_per_second": 500
              }
            ],
            "retry_config": [
              {
                "max_attempts": 100,
                "max_backoff": "3600s",
                "max_doublings": 16,
                "max_retry_duration": "",
                "min_backoff": "0.100s"
              }
            ],
            "stackdriver_logging_config": [],
            "timeouts": null
          },
          "private": "eyJlMmJmYjczMC1lY2FhLTExZTYtOGY4OC0zNDM2M2JjN2M0YzAiOnsiY3JlYXRlIjoyNDAwMDAwMDAwMDAsImRlbGV0ZSI6MjQwMDAwMDAwMDAwLCJ1cGRhdGUiOjI0MDAwMDAwMDAwMH19",
          "dependencies": [
            "google_app_engine_application.app",
            "google_project_service.cloudtasks"
          ]
        }
      ]
    },
    {
      "mode": "managed",
      "type": "google_project_service",
      "name": "cloudtasks",
      "provider": "provider[\"registry.terraform.io/hashicorp/google\"]",
      "instances": [
        {
          "schema_version": 0,
          "attributes": {
            "disable_dependent_services": null,
            "disable_on_destroy": true,
            "id": "kontaindotme/cloudtasks.googleapis.com",
            "project": "kontaindotme",
            "service": "cloudtasks.googleapis.com",
            "timeouts": null
          },
          "private": "eyJlMmJmYjczMC1lY2FhLTExZTYtOGY4OC0zNDM2M2JjN2M0YzAiOnsiY3JlYXRlIjoxMjAwMDAwMDAwMDAwLCJkZWxldGUiOjEyMDAwMDAwMDAwMDAsInJlYWQiOjYwMDAwMDAwMDAwMCwidXBkYXRlIjoxMjAwMDAwMDAwMDAwfX0="
        }
      ]
    },
    {
      "mode": "managed",
      "type": "google_project_service",
      "name": "datastore",
      "provider": "provider[\"registry.terraform.io/hashicorp/google\"]",
      "instances": [
        {
          "schema_version": 0,
          "attributes": {
            "disable_dependent_services": null,
            "disable_on_destroy": true,
            "id": "kontaindotme/datastore.googleapis.com",
            "project": "kontaindotme",
            "service": "datastore.googleapis.com",
            "timeouts": null
          }
        }
      ]
    },
    {
      "mode": "managed",
      "type": "google_project_service",
      "name": "run",
      "provider": "provider[\"registry.terraform.io/hashicorp/google\"]",
      "instances": [
        {
          "schema_version": 0,
          "attributes": {
            "disable_dependent_services": null,
            "disable_on_destroy": true,
            "id": "kontaindotme/run.googleapis.com",
            "project": "kontaindotme",
            "service": "run.googleapis.com",
            "timeouts": null
          },
          "private": "eyJlMmJmYjczMC1lY2FhLTExZTYtOGY4OC0zNDM2M2JjN2M0YzAiOnsiY3JlYXRlIjoxMjAwMDAwMDAwMDAwLCJkZWxldGUiOjEyMDAwMDAwMDAwMDAsInJlYWQiOjYwMDAwMDAwMDAwMCwidXBkYXRlIjoxMjAwMDAwMDAwMDAwfX0="
        }
      ]
    },
    {
      "mode": "managed",
      "type": "google_storage_bucket",
      "name": "bucket",
      "provider": "provider[\"registry.terraform.io/hashicorp/google\"]",
      "instances": [
        {
          "schema_version": 0,
          "attributes": {
            "bucket_policy_only": false,
            "cors": [],
            "default_event_based_hold": false,
            "encryption": [],
            "force_destroy": false,
            "id": "kontaindotme",
            "labels": {},
            "lifecycle_rule": [
              {
                "action": [
                  {
                    "storage_class": "",
                    "type": "Delete"
                  }
                ],
                "condition": [
                  {
                    "age": 1,
                    "created_before": "",
                    "matches_storage_class": [],
                    "num_newer_versions": 0,
                    "with_state": "ANY"
                  }
                ]
              }
            ],
            "location": "US",
            "logging": [],
            "name": "kontaindotme",
            "project": "kontaindotme",
            "requester_pays": false,
            "retention_policy": [],
            "self_link": "https://www.googleapis.com/storage/v1/b/kontaindotme",
            "storage_class": "STANDARD",
            "uniform_bucket_level_access": false,
            "url": "gs://kontaindotme",
            "versioning": [],
            "website": []
          },
          "private": "bnVsbA=="
        }
      ]
    }
  ]
}
